// !$*UTF8*$!
{
	archiveVersion = 1;
	classes = {
	};
	objectVersion = 46;
	objects = {

/* Begin PBXBuildFile section */
		2703C541185F7E6500570F0C /* PMNewPinTVC.m in Sources */ = {isa = PBXBuildFile; fileRef = 2703C540185F7E6500570F0C /* PMNewPinTVC.m */; };
		270C4A4A18628D6A000FC061 /* PMNavigationVC.m in Sources */ = {isa = PBXBuildFile; fileRef = 270C4A4918628D6A000FC061 /* PMNavigationVC.m */; };
		272C5CD3186DFF3E0079B95E /* PMTagCVCell.m in Sources */ = {isa = PBXBuildFile; fileRef = 272C5CD2186DFF3E0079B95E /* PMTagCVCell.m */; };
		272C5CD5186F626D0079B95E /* PMTagCVCell.xib in Resources */ = {isa = PBXBuildFile; fileRef = 272C5CD4186F626D0079B95E /* PMTagCVCell.xib */; };
		277FFAC018918BE900DFD907 /* PMTagsDSD.m in Sources */ = {isa = PBXBuildFile; fileRef = 277FFABF18918BE900DFD907 /* PMTagsDSD.m */; };
		278119681869F917006B93AB /* PMPinboardManager.m in Sources */ = {isa = PBXBuildFile; fileRef = 278119671869F917006B93AB /* PMPinboardManager.m */; };
		2781196C186A0516006B93AB /* NSURL+Pinmark.m in Sources */ = {isa = PBXBuildFile; fileRef = 2781196B186A0516006B93AB /* NSURL+Pinmark.m */; };
		278EF427185B71E2003A27D3 /* Foundation.framework in Frameworks */ = {isa = PBXBuildFile; fileRef = 278EF426185B71E2003A27D3 /* Foundation.framework */; };
		278EF429185B71E2003A27D3 /* CoreGraphics.framework in Frameworks */ = {isa = PBXBuildFile; fileRef = 278EF428185B71E2003A27D3 /* CoreGraphics.framework */; };
		278EF42B185B71E2003A27D3 /* UIKit.framework in Frameworks */ = {isa = PBXBuildFile; fileRef = 278EF42A185B71E2003A27D3 /* UIKit.framework */; };
		278EF431185B71E2003A27D3 /* InfoPlist.strings in Resources */ = {isa = PBXBuildFile; fileRef = 278EF42F185B71E2003A27D3 /* InfoPlist.strings */; };
		278EF433185B71E2003A27D3 /* main.m in Sources */ = {isa = PBXBuildFile; fileRef = 278EF432185B71E2003A27D3 /* main.m */; };
		278EF437185B71E2003A27D3 /* PMAppDelegate.m in Sources */ = {isa = PBXBuildFile; fileRef = 278EF436185B71E2003A27D3 /* PMAppDelegate.m */; };
		278EF43A185B71E2003A27D3 /* Main_iPhone.storyboard in Resources */ = {isa = PBXBuildFile; fileRef = 278EF438185B71E2003A27D3 /* Main_iPhone.storyboard */; };
		278EF43D185B71E2003A27D3 /* Main_iPad.storyboard in Resources */ = {isa = PBXBuildFile; fileRef = 278EF43B185B71E2003A27D3 /* Main_iPad.storyboard */; };
		278EF442185B71E2003A27D3 /* Images.xcassets in Resources */ = {isa = PBXBuildFile; fileRef = 278EF441185B71E2003A27D3 /* Images.xcassets */; };
		278EF449185B71E2003A27D3 /* XCTest.framework in Frameworks */ = {isa = PBXBuildFile; fileRef = 278EF448185B71E2003A27D3 /* XCTest.framework */; };
		278EF44A185B71E2003A27D3 /* Foundation.framework in Frameworks */ = {isa = PBXBuildFile; fileRef = 278EF426185B71E2003A27D3 /* Foundation.framework */; };
		278EF44B185B71E2003A27D3 /* UIKit.framework in Frameworks */ = {isa = PBXBuildFile; fileRef = 278EF42A185B71E2003A27D3 /* UIKit.framework */; };
		278EF453185B71E2003A27D3 /* InfoPlist.strings in Resources */ = {isa = PBXBuildFile; fileRef = 278EF451185B71E2003A27D3 /* InfoPlist.strings */; };
		278EF455185B71E2003A27D3 /* PinmarkTests.m in Sources */ = {isa = PBXBuildFile; fileRef = 278EF454185B71E2003A27D3 /* PinmarkTests.m */; };
		27D2DC3418777A9B0054D187 /* PMBookmark.m in Sources */ = {isa = PBXBuildFile; fileRef = 27D2DC3318777A9B0054D187 /* PMBookmark.m */; };
		27DA5B501885BB0500AEE0F5 /* PMAddAccountVC.m in Sources */ = {isa = PBXBuildFile; fileRef = 27DA5B4F1885BB0500AEE0F5 /* PMAddAccountVC.m */; };
		82960B3C2A964DE68159B981 /* libPods.a in Frameworks */ = {isa = PBXBuildFile; fileRef = A6E13E9115194BF18C9C2D1A /* libPods.a */; };
/* End PBXBuildFile section */

/* Begin PBXContainerItemProxy section */
		278EF44C185B71E2003A27D3 /* PBXContainerItemProxy */ = {
			isa = PBXContainerItemProxy;
			containerPortal = 278EF41B185B71E2003A27D3 /* Project object */;
			proxyType = 1;
			remoteGlobalIDString = 278EF422185B71E2003A27D3;
			remoteInfo = Pinmark;
		};
/* End PBXContainerItemProxy section */

/* Begin PBXFileReference section */
		2703C53F185F7E6500570F0C /* PMNewPinTVC.h */ = {isa = PBXFileReference; fileEncoding = 4; lastKnownFileType = sourcecode.c.h; path = PMNewPinTVC.h; sourceTree = "<group>"; };
		2703C540185F7E6500570F0C /* PMNewPinTVC.m */ = {isa = PBXFileReference; fileEncoding = 4; lastKnownFileType = sourcecode.c.objc; path = PMNewPinTVC.m; sourceTree = "<group>"; };
		2703C542185FD16100570F0C /* Bookmarklet.js */ = {isa = PBXFileReference; fileEncoding = 4; lastKnownFileType = sourcecode.javascript; path = Bookmarklet.js; sourceTree = "<group>"; };
		270C4A4718628CD3000FC061 /* Podfile */ = {isa = PBXFileReference; lastKnownFileType = text; path = Podfile; sourceTree = SOURCE_ROOT; };
		270C4A4818628D6A000FC061 /* PMNavigationVC.h */ = {isa = PBXFileReference; fileEncoding = 4; lastKnownFileType = sourcecode.c.h; path = PMNavigationVC.h; sourceTree = "<group>"; };
		270C4A4918628D6A000FC061 /* PMNavigationVC.m */ = {isa = PBXFileReference; fileEncoding = 4; lastKnownFileType = sourcecode.c.objc; path = PMNavigationVC.m; sourceTree = "<group>"; };
		272C5CD1186DFF3E0079B95E /* PMTagCVCell.h */ = {isa = PBXFileReference; fileEncoding = 4; lastKnownFileType = sourcecode.c.h; path = PMTagCVCell.h; sourceTree = "<group>"; };
		272C5CD2186DFF3E0079B95E /* PMTagCVCell.m */ = {isa = PBXFileReference; fileEncoding = 4; lastKnownFileType = sourcecode.c.objc; path = PMTagCVCell.m; sourceTree = "<group>"; };
		272C5CD4186F626D0079B95E /* PMTagCVCell.xib */ = {isa = PBXFileReference; fileEncoding = 4; lastKnownFileType = file.xib; path = PMTagCVCell.xib; sourceTree = "<group>"; };
		277FFABE18918BE900DFD907 /* PMTagsDSD.h */ = {isa = PBXFileReference; fileEncoding = 4; lastKnownFileType = sourcecode.c.h; path = PMTagsDSD.h; sourceTree = "<group>"; };
		277FFABF18918BE900DFD907 /* PMTagsDSD.m */ = {isa = PBXFileReference; fileEncoding = 4; lastKnownFileType = sourcecode.c.objc; path = PMTagsDSD.m; sourceTree = "<group>"; };
		278119661869F917006B93AB /* PMPinboardManager.h */ = {isa = PBXFileReference; fileEncoding = 4; lastKnownFileType = sourcecode.c.h; path = PMPinboardManager.h; sourceTree = "<group>"; };
		278119671869F917006B93AB /* PMPinboardManager.m */ = {isa = PBXFileReference; fileEncoding = 4; lastKnownFileType = sourcecode.c.objc; path = PMPinboardManager.m; sourceTree = "<group>"; };
		2781196A186A0516006B93AB /* NSURL+Pinmark.h */ = {isa = PBXFileReference; fileEncoding = 4; lastKnownFileType = sourcecode.c.h; path = "NSURL+Pinmark.h"; sourceTree = "<group>"; };
		2781196B186A0516006B93AB /* NSURL+Pinmark.m */ = {isa = PBXFileReference; fileEncoding = 4; lastKnownFileType = sourcecode.c.objc; path = "NSURL+Pinmark.m"; sourceTree = "<group>"; };
		278EF423185B71E2003A27D3 /* Pinmark.app */ = {isa = PBXFileReference; explicitFileType = wrapper.application; includeInIndex = 0; path = Pinmark.app; sourceTree = BUILT_PRODUCTS_DIR; };
		278EF426185B71E2003A27D3 /* Foundation.framework */ = {isa = PBXFileReference; lastKnownFileType = wrapper.framework; name = Foundation.framework; path = System/Library/Frameworks/Foundation.framework; sourceTree = SDKROOT; };
		278EF428185B71E2003A27D3 /* CoreGraphics.framework */ = {isa = PBXFileReference; lastKnownFileType = wrapper.framework; name = CoreGraphics.framework; path = System/Library/Frameworks/CoreGraphics.framework; sourceTree = SDKROOT; };
		278EF42A185B71E2003A27D3 /* UIKit.framework */ = {isa = PBXFileReference; lastKnownFileType = wrapper.framework; name = UIKit.framework; path = System/Library/Frameworks/UIKit.framework; sourceTree = SDKROOT; };
		278EF42E185B71E2003A27D3 /* Pinmark-Info.plist */ = {isa = PBXFileReference; lastKnownFileType = text.plist.xml; path = "Pinmark-Info.plist"; sourceTree = "<group>"; };
		278EF430185B71E2003A27D3 /* en */ = {isa = PBXFileReference; lastKnownFileType = text.plist.strings; name = en; path = en.lproj/InfoPlist.strings; sourceTree = "<group>"; };
		278EF432185B71E2003A27D3 /* main.m */ = {isa = PBXFileReference; lastKnownFileType = sourcecode.c.objc; path = main.m; sourceTree = "<group>"; };
		278EF434185B71E2003A27D3 /* Pinmark-Prefix.pch */ = {isa = PBXFileReference; lastKnownFileType = sourcecode.c.h; path = "Pinmark-Prefix.pch"; sourceTree = "<group>"; };
		278EF435185B71E2003A27D3 /* PMAppDelegate.h */ = {isa = PBXFileReference; lastKnownFileType = sourcecode.c.h; path = PMAppDelegate.h; sourceTree = "<group>"; };
		278EF436185B71E2003A27D3 /* PMAppDelegate.m */ = {isa = PBXFileReference; lastKnownFileType = sourcecode.c.objc; path = PMAppDelegate.m; sourceTree = "<group>"; };
		278EF439185B71E2003A27D3 /* Base */ = {isa = PBXFileReference; lastKnownFileType = file.storyboard; name = Base; path = Base.lproj/Main_iPhone.storyboard; sourceTree = "<group>"; };
		278EF43C185B71E2003A27D3 /* Base */ = {isa = PBXFileReference; lastKnownFileType = file.storyboard; name = Base; path = Base.lproj/Main_iPad.storyboard; sourceTree = "<group>"; };
		278EF441185B71E2003A27D3 /* Images.xcassets */ = {isa = PBXFileReference; lastKnownFileType = folder.assetcatalog; path = Images.xcassets; sourceTree = "<group>"; };
		278EF447185B71E2003A27D3 /* PinmarkTests.xctest */ = {isa = PBXFileReference; explicitFileType = wrapper.cfbundle; includeInIndex = 0; path = PinmarkTests.xctest; sourceTree = BUILT_PRODUCTS_DIR; };
		278EF448185B71E2003A27D3 /* XCTest.framework */ = {isa = PBXFileReference; lastKnownFileType = wrapper.framework; name = XCTest.framework; path = Library/Frameworks/XCTest.framework; sourceTree = DEVELOPER_DIR; };
		278EF450185B71E2003A27D3 /* PinmarkTests-Info.plist */ = {isa = PBXFileReference; lastKnownFileType = text.plist.xml; path = "PinmarkTests-Info.plist"; sourceTree = "<group>"; };
		278EF452185B71E2003A27D3 /* en */ = {isa = PBXFileReference; lastKnownFileType = text.plist.strings; name = en; path = en.lproj/InfoPlist.strings; sourceTree = "<group>"; };
		278EF454185B71E2003A27D3 /* PinmarkTests.m */ = {isa = PBXFileReference; lastKnownFileType = sourcecode.c.objc; path = PinmarkTests.m; sourceTree = "<group>"; };
		27D2DC3218777A9B0054D187 /* PMBookmark.h */ = {isa = PBXFileReference; fileEncoding = 4; lastKnownFileType = sourcecode.c.h; path = PMBookmark.h; sourceTree = "<group>"; };
		27D2DC3318777A9B0054D187 /* PMBookmark.m */ = {isa = PBXFileReference; fileEncoding = 4; lastKnownFileType = sourcecode.c.objc; path = PMBookmark.m; sourceTree = "<group>"; };
		27DA5B4E1885BB0500AEE0F5 /* PMAddAccountVC.h */ = {isa = PBXFileReference; fileEncoding = 4; lastKnownFileType = sourcecode.c.h; path = PMAddAccountVC.h; sourceTree = "<group>"; };
		27DA5B4F1885BB0500AEE0F5 /* PMAddAccountVC.m */ = {isa = PBXFileReference; fileEncoding = 4; lastKnownFileType = sourcecode.c.objc; path = PMAddAccountVC.m; sourceTree = "<group>"; };
		A6E13E9115194BF18C9C2D1A /* libPods.a */ = {isa = PBXFileReference; explicitFileType = archive.ar; includeInIndex = 0; path = libPods.a; sourceTree = BUILT_PRODUCTS_DIR; };
		AE2FE771354E43FD945BDE89 /* Pods.xcconfig */ = {isa = PBXFileReference; includeInIndex = 1; lastKnownFileType = text.xcconfig; name = Pods.xcconfig; path = Pods/Pods.xcconfig; sourceTree = SOURCE_ROOT; };
/* End PBXFileReference section */

/* Begin PBXFrameworksBuildPhase section */
		278EF420185B71E2003A27D3 /* Frameworks */ = {
			isa = PBXFrameworksBuildPhase;
			buildActionMask = 2147483647;
			files = (
				278EF429185B71E2003A27D3 /* CoreGraphics.framework in Frameworks */,
				278EF42B185B71E2003A27D3 /* UIKit.framework in Frameworks */,
				278EF427185B71E2003A27D3 /* Foundation.framework in Frameworks */,
				82960B3C2A964DE68159B981 /* libPods.a in Frameworks */,
			);
			runOnlyForDeploymentPostprocessing = 0;
		};
		278EF444185B71E2003A27D3 /* Frameworks */ = {
			isa = PBXFrameworksBuildPhase;
			buildActionMask = 2147483647;
			files = (
				278EF449185B71E2003A27D3 /* XCTest.framework in Frameworks */,
				278EF44B185B71E2003A27D3 /* UIKit.framework in Frameworks */,
				278EF44A185B71E2003A27D3 /* Foundation.framework in Frameworks */,
			);
			runOnlyForDeploymentPostprocessing = 0;
		};
/* End PBXFrameworksBuildPhase section */

/* Begin PBXGroup section */
		272C5CDC1871028A0079B95E /* Tags */ = {
			isa = PBXGroup;
			children = (
				272C5CD4186F626D0079B95E /* PMTagCVCell.xib */,
				272C5CD1186DFF3E0079B95E /* PMTagCVCell.h */,
				272C5CD2186DFF3E0079B95E /* PMTagCVCell.m */,
				277FFABE18918BE900DFD907 /* PMTagsDSD.h */,
				277FFABF18918BE900DFD907 /* PMTagsDSD.m */,
			);
			name = Tags;
			sourceTree = "<group>";
		};
		278EF41A185B71E2003A27D3 = {
			isa = PBXGroup;
			children = (
				278EF42C185B71E2003A27D3 /* Pinmark */,
				278EF44E185B71E2003A27D3 /* PinmarkTests */,
				278EF425185B71E2003A27D3 /* Frameworks */,
				278EF424185B71E2003A27D3 /* Products */,
			);
			sourceTree = "<group>";
		};
		278EF424185B71E2003A27D3 /* Products */ = {
			isa = PBXGroup;
			children = (
				278EF423185B71E2003A27D3 /* Pinmark.app */,
				278EF447185B71E2003A27D3 /* PinmarkTests.xctest */,
			);
			name = Products;
			sourceTree = "<group>";
		};
		278EF425185B71E2003A27D3 /* Frameworks */ = {
			isa = PBXGroup;
			children = (
				278EF426185B71E2003A27D3 /* Foundation.framework */,
				278EF428185B71E2003A27D3 /* CoreGraphics.framework */,
				278EF42A185B71E2003A27D3 /* UIKit.framework */,
				278EF448185B71E2003A27D3 /* XCTest.framework */,
				A6E13E9115194BF18C9C2D1A /* libPods.a */,
			);
			name = Frameworks;
			sourceTree = "<group>";
		};
		278EF42C185B71E2003A27D3 /* Pinmark */ = {
			isa = PBXGroup;
			children = (
				278EF438185B71E2003A27D3 /* Main_iPhone.storyboard */,
				278EF43B185B71E2003A27D3 /* Main_iPad.storyboard */,
				270C4A4818628D6A000FC061 /* PMNavigationVC.h */,
				270C4A4918628D6A000FC061 /* PMNavigationVC.m */,
				2703C53F185F7E6500570F0C /* PMNewPinTVC.h */,
				2703C540185F7E6500570F0C /* PMNewPinTVC.m */,
				27DA5B511885BB0900AEE0F5 /* Add Account */,
				272C5CDC1871028A0079B95E /* Tags */,
				27DA5B521885BB1C00AEE0F5 /* Bookmarks */,
				278EF441185B71E2003A27D3 /* Images.xcassets */,
				278EF42D185B71E2003A27D3 /* Supporting Files */,
			);
			path = Pinmark;
			sourceTree = "<group>";
		};
		278EF42D185B71E2003A27D3 /* Supporting Files */ = {
			isa = PBXGroup;
			children = (
				278EF435185B71E2003A27D3 /* PMAppDelegate.h */,
				278EF436185B71E2003A27D3 /* PMAppDelegate.m */,
				2781196A186A0516006B93AB /* NSURL+Pinmark.h */,
				2781196B186A0516006B93AB /* NSURL+Pinmark.m */,
				278EF42E185B71E2003A27D3 /* Pinmark-Info.plist */,
				278EF42F185B71E2003A27D3 /* InfoPlist.strings */,
				278EF432185B71E2003A27D3 /* main.m */,
				278EF434185B71E2003A27D3 /* Pinmark-Prefix.pch */,
				2703C542185FD16100570F0C /* Bookmarklet.js */,
				270C4A4718628CD3000FC061 /* Podfile */,
				AE2FE771354E43FD945BDE89 /* Pods.xcconfig */,
			);
			name = "Supporting Files";
			sourceTree = "<group>";
		};
		278EF44E185B71E2003A27D3 /* PinmarkTests */ = {
			isa = PBXGroup;
			children = (
				278EF454185B71E2003A27D3 /* PinmarkTests.m */,
				278EF44F185B71E2003A27D3 /* Supporting Files */,
			);
			path = PinmarkTests;
			sourceTree = "<group>";
		};
		278EF44F185B71E2003A27D3 /* Supporting Files */ = {
			isa = PBXGroup;
			children = (
				278EF450185B71E2003A27D3 /* PinmarkTests-Info.plist */,
				278EF451185B71E2003A27D3 /* InfoPlist.strings */,
			);
			name = "Supporting Files";
			sourceTree = "<group>";
		};
		27DA5B511885BB0900AEE0F5 /* Add Account */ = {
			isa = PBXGroup;
			children = (
				27DA5B4E1885BB0500AEE0F5 /* PMAddAccountVC.h */,
				27DA5B4F1885BB0500AEE0F5 /* PMAddAccountVC.m */,
			);
			name = "Add Account";
			sourceTree = "<group>";
		};
		27DA5B521885BB1C00AEE0F5 /* Bookmarks */ = {
			isa = PBXGroup;
			children = (
				278119661869F917006B93AB /* PMPinboardManager.h */,
				278119671869F917006B93AB /* PMPinboardManager.m */,
				27D2DC3218777A9B0054D187 /* PMBookmark.h */,
				27D2DC3318777A9B0054D187 /* PMBookmark.m */,
			);
			name = Bookmarks;
			sourceTree = "<group>";
		};
/* End PBXGroup section */

/* Begin PBXNativeTarget section */
		278EF422185B71E2003A27D3 /* Pinmark */ = {
			isa = PBXNativeTarget;
			buildConfigurationList = 278EF458185B71E2003A27D3 /* Build configuration list for PBXNativeTarget "Pinmark" */;
			buildPhases = (
				4D009DE108C24BC8B1B452CC /* Check Pods Manifest.lock */,
				278EF41F185B71E2003A27D3 /* Sources */,
				278EF420185B71E2003A27D3 /* Frameworks */,
				278EF421185B71E2003A27D3 /* Resources */,
				18870BE4A0CE48229897EE1D /* Copy Pods Resources */,
			);
			buildRules = (
			);
			dependencies = (
			);
			name = Pinmark;
			productName = Pinmark;
			productReference = 278EF423185B71E2003A27D3 /* Pinmark.app */;
			productType = "com.apple.product-type.application";
		};
		278EF446185B71E2003A27D3 /* PinmarkTests */ = {
			isa = PBXNativeTarget;
			buildConfigurationList = 278EF45B185B71E2003A27D3 /* Build configuration list for PBXNativeTarget "PinmarkTests" */;
			buildPhases = (
				278EF443185B71E2003A27D3 /* Sources */,
				278EF444185B71E2003A27D3 /* Frameworks */,
				278EF445185B71E2003A27D3 /* Resources */,
			);
			buildRules = (
			);
			dependencies = (
				278EF44D185B71E2003A27D3 /* PBXTargetDependency */,
			);
			name = PinmarkTests;
			productName = PinmarkTests;
			productReference = 278EF447185B71E2003A27D3 /* PinmarkTests.xctest */;
			productType = "com.apple.product-type.bundle.unit-test";
		};
/* End PBXNativeTarget section */

/* Begin PBXProject section */
		278EF41B185B71E2003A27D3 /* Project object */ = {
			isa = PBXProject;
			attributes = {
				CLASSPREFIX = PM;
				LastUpgradeCheck = 0500;
				ORGANIZATIONNAME = kilovolt42;
				TargetAttributes = {
					278EF446185B71E2003A27D3 = {
						TestTargetID = 278EF422185B71E2003A27D3;
					};
				};
			};
			buildConfigurationList = 278EF41E185B71E2003A27D3 /* Build configuration list for PBXProject "Pinmark" */;
			compatibilityVersion = "Xcode 3.2";
			developmentRegion = English;
			hasScannedForEncodings = 0;
			knownRegions = (
				en,
				Base,
			);
			mainGroup = 278EF41A185B71E2003A27D3;
			productRefGroup = 278EF424185B71E2003A27D3 /* Products */;
			projectDirPath = "";
			projectRoot = "";
			targets = (
				278EF422185B71E2003A27D3 /* Pinmark */,
				278EF446185B71E2003A27D3 /* PinmarkTests */,
			);
		};
/* End PBXProject section */

/* Begin PBXResourcesBuildPhase section */
		278EF421185B71E2003A27D3 /* Resources */ = {
			isa = PBXResourcesBuildPhase;
			buildActionMask = 2147483647;
			files = (
				278EF43D185B71E2003A27D3 /* Main_iPad.storyboard in Resources */,
				278EF442185B71E2003A27D3 /* Images.xcassets in Resources */,
				278EF43A185B71E2003A27D3 /* Main_iPhone.storyboard in Resources */,
				272C5CD5186F626D0079B95E /* PMTagCVCell.xib in Resources */,
				278EF431185B71E2003A27D3 /* InfoPlist.strings in Resources */,
			);
			runOnlyForDeploymentPostprocessing = 0;
		};
		278EF445185B71E2003A27D3 /* Resources */ = {
			isa = PBXResourcesBuildPhase;
			buildActionMask = 2147483647;
			files = (
				278EF453185B71E2003A27D3 /* InfoPlist.strings in Resources */,
			);
			runOnlyForDeploymentPostprocessing = 0;
		};
/* End PBXResourcesBuildPhase section */

/* Begin PBXShellScriptBuildPhase section */
		18870BE4A0CE48229897EE1D /* Copy Pods Resources */ = {
			isa = PBXShellScriptBuildPhase;
			buildActionMask = 2147483647;
			files = (
			);
			inputPaths = (
			);
			name = "Copy Pods Resources";
			outputPaths = (
			);
			runOnlyForDeploymentPostprocessing = 0;
			shellPath = /bin/sh;
			shellScript = "\"${SRCROOT}/Pods/Pods-resources.sh\"\n";
			showEnvVarsInLog = 0;
		};
		4D009DE108C24BC8B1B452CC /* Check Pods Manifest.lock */ = {
			isa = PBXShellScriptBuildPhase;
			buildActionMask = 2147483647;
			files = (
			);
			inputPaths = (
			);
			name = "Check Pods Manifest.lock";
			outputPaths = (
			);
			runOnlyForDeploymentPostprocessing = 0;
			shellPath = /bin/sh;
			shellScript = "diff \"${PODS_ROOT}/../Podfile.lock\" \"${PODS_ROOT}/Manifest.lock\" > /dev/null\nif [[ $? != 0 ]] ; then\n    cat << EOM\nerror: The sandbox is not in sync with the Podfile.lock. Run 'pod install' or update your CocoaPods installation.\nEOM\n    exit 1\nfi\n";
			showEnvVarsInLog = 0;
		};
/* End PBXShellScriptBuildPhase section */

/* Begin PBXSourcesBuildPhase section */
		278EF41F185B71E2003A27D3 /* Sources */ = {
			isa = PBXSourcesBuildPhase;
			buildActionMask = 2147483647;
			files = (
				278EF433185B71E2003A27D3 /* main.m in Sources */,
				270C4A4A18628D6A000FC061 /* PMNavigationVC.m in Sources */,
				27DA5B501885BB0500AEE0F5 /* PMAddAccountVC.m in Sources */,
				272C5CD3186DFF3E0079B95E /* PMTagCVCell.m in Sources */,
				278119681869F917006B93AB /* PMPinboardManager.m in Sources */,
				2781196C186A0516006B93AB /* NSURL+Pinmark.m in Sources */,
				278EF437185B71E2003A27D3 /* PMAppDelegate.m in Sources */,
				2703C541185F7E6500570F0C /* PMNewPinTVC.m in Sources */,
				27D2DC3418777A9B0054D187 /* PMBookmark.m in Sources */,
				277FFAC018918BE900DFD907 /* PMTagsDSD.m in Sources */,
			);
			runOnlyForDeploymentPostprocessing = 0;
		};
		278EF443185B71E2003A27D3 /* Sources */ = {
			isa = PBXSourcesBuildPhase;
			buildActionMask = 2147483647;
			files = (
				278EF455185B71E2003A27D3 /* PinmarkTests.m in Sources */,
			);
			runOnlyForDeploymentPostprocessing = 0;
		};
/* End PBXSourcesBuildPhase section */

/* Begin PBXTargetDependency section */
		278EF44D185B71E2003A27D3 /* PBXTargetDependency */ = {
			isa = PBXTargetDependency;
			target = 278EF422185B71E2003A27D3 /* Pinmark */;
			targetProxy = 278EF44C185B71E2003A27D3 /* PBXContainerItemProxy */;
		};
/* End PBXTargetDependency section */

/* Begin PBXVariantGroup section */
		278EF42F185B71E2003A27D3 /* InfoPlist.strings */ = {
			isa = PBXVariantGroup;
			children = (
				278EF430185B71E2003A27D3 /* en */,
			);
			name = InfoPlist.strings;
			sourceTree = "<group>";
		};
		278EF438185B71E2003A27D3 /* Main_iPhone.storyboard */ = {
			isa = PBXVariantGroup;
			children = (
				278EF439185B71E2003A27D3 /* Base */,
			);
			name = Main_iPhone.storyboard;
			sourceTree = "<group>";
		};
		278EF43B185B71E2003A27D3 /* Main_iPad.storyboard */ = {
			isa = PBXVariantGroup;
			children = (
				278EF43C185B71E2003A27D3 /* Base */,
			);
			name = Main_iPad.storyboard;
			sourceTree = "<group>";
		};
		278EF451185B71E2003A27D3 /* InfoPlist.strings */ = {
			isa = PBXVariantGroup;
			children = (
				278EF452185B71E2003A27D3 /* en */,
			);
			name = InfoPlist.strings;
			sourceTree = "<group>";
		};
/* End PBXVariantGroup section */

/* Begin XCBuildConfiguration section */
		278EF456185B71E2003A27D3 /* Debug */ = {
			isa = XCBuildConfiguration;
			buildSettings = {
				ALWAYS_SEARCH_USER_PATHS = NO;
				ARCHS = "$(ARCHS_STANDARD_INCLUDING_64_BIT)";
				CLANG_CXX_LANGUAGE_STANDARD = "gnu++0x";
				CLANG_CXX_LIBRARY = "libc++";
				CLANG_ENABLE_MODULES = YES;
				CLANG_ENABLE_OBJC_ARC = YES;
				CLANG_WARN_BOOL_CONVERSION = YES;
				CLANG_WARN_CONSTANT_CONVERSION = YES;
				CLANG_WARN_DIRECT_OBJC_ISA_USAGE = YES_ERROR;
				CLANG_WARN_EMPTY_BODY = YES;
				CLANG_WARN_ENUM_CONVERSION = YES;
				CLANG_WARN_INT_CONVERSION = YES;
				CLANG_WARN_OBJC_ROOT_CLASS = YES_ERROR;
				CLANG_WARN__DUPLICATE_METHOD_MATCH = YES;
				"CODE_SIGN_IDENTITY[sdk=iphoneos*]" = "iPhone Developer";
				COPY_PHASE_STRIP = NO;
				GCC_C_LANGUAGE_STANDARD = gnu99;
				GCC_DYNAMIC_NO_PIC = NO;
				GCC_OPTIMIZATION_LEVEL = 0;
				GCC_PREPROCESSOR_DEFINITIONS = (
					"DEBUG=1",
					"$(inherited)",
				);
				GCC_SYMBOLS_PRIVATE_EXTERN = NO;
				GCC_WARN_64_TO_32_BIT_CONVERSION = YES;
				GCC_WARN_ABOUT_RETURN_TYPE = YES_ERROR;
				GCC_WARN_UNDECLARED_SELECTOR = YES;
				GCC_WARN_UNINITIALIZED_AUTOS = YES;
				GCC_WARN_UNUSED_FUNCTION = YES;
				GCC_WARN_UNUSED_VARIABLE = YES;
				IPHONEOS_DEPLOYMENT_TARGET = 7.0;
				ONLY_ACTIVE_ARCH = YES;
				SDKROOT = iphoneos;
				TARGETED_DEVICE_FAMILY = "1,2";
			};
			name = Debug;
		};
		278EF457185B71E2003A27D3 /* Release */ = {
			isa = XCBuildConfiguration;
			buildSettings = {
				ALWAYS_SEARCH_USER_PATHS = NO;
				ARCHS = "$(ARCHS_STANDARD_INCLUDING_64_BIT)";
				CLANG_CXX_LANGUAGE_STANDARD = "gnu++0x";
				CLANG_CXX_LIBRARY = "libc++";
				CLANG_ENABLE_MODULES = YES;
				CLANG_ENABLE_OBJC_ARC = YES;
				CLANG_WARN_BOOL_CONVERSION = YES;
				CLANG_WARN_CONSTANT_CONVERSION = YES;
				CLANG_WARN_DIRECT_OBJC_ISA_USAGE = YES_ERROR;
				CLANG_WARN_EMPTY_BODY = YES;
				CLANG_WARN_ENUM_CONVERSION = YES;
				CLANG_WARN_INT_CONVERSION = YES;
				CLANG_WARN_OBJC_ROOT_CLASS = YES_ERROR;
				CLANG_WARN__DUPLICATE_METHOD_MATCH = YES;
				"CODE_SIGN_IDENTITY[sdk=iphoneos*]" = "iPhone Developer";
				COPY_PHASE_STRIP = YES;
				ENABLE_NS_ASSERTIONS = NO;
				GCC_C_LANGUAGE_STANDARD = gnu99;
				GCC_WARN_64_TO_32_BIT_CONVERSION = YES;
				GCC_WARN_ABOUT_RETURN_TYPE = YES_ERROR;
				GCC_WARN_UNDECLARED_SELECTOR = YES;
				GCC_WARN_UNINITIALIZED_AUTOS = YES;
				GCC_WARN_UNUSED_FUNCTION = YES;
				GCC_WARN_UNUSED_VARIABLE = YES;
				IPHONEOS_DEPLOYMENT_TARGET = 7.0;
				SDKROOT = iphoneos;
				TARGETED_DEVICE_FAMILY = "1,2";
				VALIDATE_PRODUCT = YES;
			};
			name = Release;
		};
		278EF459185B71E2003A27D3 /* Debug */ = {
			isa = XCBuildConfiguration;
			baseConfigurationReference = AE2FE771354E43FD945BDE89 /* Pods.xcconfig */;
			buildSettings = {
				ARCHS = "$(ARCHS_STANDARD_INCLUDING_64_BIT)";
				ASSETCATALOG_COMPILER_APPICON_NAME = AppIcon;
				ASSETCATALOG_COMPILER_LAUNCHIMAGE_NAME = LaunchImage;
				GCC_PRECOMPILE_PREFIX_HEADER = YES;
				GCC_PREFIX_HEADER = "Pinmark/Pinmark-Prefix.pch";
				INFOPLIST_FILE = "Pinmark/Pinmark-Info.plist";
				PRODUCT_NAME = "$(TARGET_NAME)";
				WRAPPER_EXTENSION = app;
			};
			name = Debug;
		};
		278EF45A185B71E2003A27D3 /* Release */ = {
			isa = XCBuildConfiguration;
			baseConfigurationReference = AE2FE771354E43FD945BDE89 /* Pods.xcconfig */;
			buildSettings = {
				ARCHS = "$(ARCHS_STANDARD_INCLUDING_64_BIT)";
				ASSETCATALOG_COMPILER_APPICON_NAME = AppIcon;
				ASSETCATALOG_COMPILER_LAUNCHIMAGE_NAME = LaunchImage;
				GCC_PRECOMPILE_PREFIX_HEADER = YES;
				GCC_PREFIX_HEADER = "Pinmark/Pinmark-Prefix.pch";
				INFOPLIST_FILE = "Pinmark/Pinmark-Info.plist";
				PRODUCT_NAME = "$(TARGET_NAME)";
				WRAPPER_EXTENSION = app;
			};
			name = Release;
		};
		278EF45C185B71E2003A27D3 /* Debug */ = {
			isa = XCBuildConfiguration;
			buildSettings = {
				ARCHS = "$(ARCHS_STANDARD_INCLUDING_64_BIT)";
				BUNDLE_LOADER = "$(BUILT_PRODUCTS_DIR)/Pinmark.app/Pinmark";
				FRAMEWORK_SEARCH_PATHS = (
					"$(SDKROOT)/Developer/Library/Frameworks",
					"$(inherited)",
					"$(DEVELOPER_FRAMEWORKS_DIR)",
				);
				GCC_PRECOMPILE_PREFIX_HEADER = YES;
				GCC_PREFIX_HEADER = "Pinmark/Pinmark-Prefix.pch";
				GCC_PREPROCESSOR_DEFINITIONS = (
					"DEBUG=1",
					"$(inherited)",
				);
				INFOPLIST_FILE = "PinmarkTests/PinmarkTests-Info.plist";
				PRODUCT_NAME = "$(TARGET_NAME)";
				TEST_HOST = "$(BUNDLE_LOADER)";
				WRAPPER_EXTENSION = xctest;
			};
			name = Debug;
		};
		278EF45D185B71E2003A27D3 /* Release */ = {
			isa = XCBuildConfiguration;
			buildSettings = {
				ARCHS = "$(ARCHS_STANDARD_INCLUDING_64_BIT)";
				BUNDLE_LOADER = "$(BUILT_PRODUCTS_DIR)/Pinmark.app/Pinmark";
				FRAMEWORK_SEARCH_PATHS = (
					"$(SDKROOT)/Developer/Library/Frameworks",
					"$(inherited)",
					"$(DEVELOPER_FRAMEWORKS_DIR)",
				);
				GCC_PRECOMPILE_PREFIX_HEADER = YES;
				GCC_PREFIX_HEADER = "Pinmark/Pinmark-Prefix.pch";
				INFOPLIST_FILE = "PinmarkTests/PinmarkTests-Info.plist";
				PRODUCT_NAME = "$(TARGET_NAME)";
				TEST_HOST = "$(BUNDLE_LOADER)";
				WRAPPER_EXTENSION = xctest;
			};
			name = Release;
		};
/* End XCBuildConfiguration section */

/* Begin XCConfigurationList section */
		278EF41E185B71E2003A27D3 /* Build configuration list for PBXProject "Pinmark" */ = {
			isa = XCConfigurationList;
			buildConfigurations = (
				278EF456185B71E2003A27D3 /* Debug */,
				278EF457185B71E2003A27D3 /* Release */,
			);
			defaultConfigurationIsVisible = 0;
			defaultConfigurationName = Release;
		};
		278EF458185B71E2003A27D3 /* Build configuration list for PBXNativeTarget "Pinmark" */ = {
			isa = XCConfigurationList;
			buildConfigurations = (
				278EF459185B71E2003A27D3 /* Debug */,
				278EF45A185B71E2003A27D3 /* Release */,
			);
			defaultConfigurationIsVisible = 0;
			defaultConfigurationName = Release;
		};
		278EF45B185B71E2003A27D3 /* Build configuration list for PBXNativeTarget "PinmarkTests" */ = {
			isa = XCConfigurationList;
			buildConfigurations = (
				278EF45C185B71E2003A27D3 /* Debug */,
				278EF45D185B71E2003A27D3 /* Release */,
			);
			defaultConfigurationIsVisible = 0;
			defaultConfigurationName = Release;
		};
/* End XCConfigurationList section */
	};
	rootObject = 278EF41B185B71E2003A27D3 /* Project object */;
}
