// !$*UTF8*$!
{
	archiveVersion = 1;
	classes = {
	};
	objectVersion = 46;
	objects = {

/* Begin PBXBuildFile section */
		01C0F1695DD96D8893D9D55F /* Pods_Pinmarker.framework in Frameworks */ = {isa = PBXBuildFile; fileRef = 3631A14A50BC35DF31065A67 /* Pods_Pinmarker.framework */; };
		118DC2B25C8020170E761BC1 /* Pods_PinmarkerKitTests.framework in Frameworks */ = {isa = PBXBuildFile; fileRef = 905F776CF80F67C268AC558D /* Pods_PinmarkerKitTests.framework */; };
		2703C541185F7E6500570F0C /* PMNewPinTVC.m in Sources */ = {isa = PBXBuildFile; fileRef = 2703C540185F7E6500570F0C /* PMNewPinTVC.m */; };
		270BA16519E026C500BE9743 /* PinboardAPI.plist in Resources */ = {isa = PBXBuildFile; fileRef = 270BA16419E026C500BE9743 /* PinboardAPI.plist */; };
		270C4A4A18628D6A000FC061 /* PMNavigationVC.m in Sources */ = {isa = PBXBuildFile; fileRef = 270C4A4918628D6A000FC061 /* PMNavigationVC.m */; };
		270F437818C7BE9200757DCB /* PMBookmarkStore.m in Sources */ = {isa = PBXBuildFile; fileRef = 270F437718C7BE9200757DCB /* PMBookmarkStore.m */; };
		27103AB121266EDE003CAF50 /* KeychainTests.swift in Sources */ = {isa = PBXBuildFile; fileRef = 271DA51620A882F400EBEE31 /* KeychainTests.swift */; };
		27103AB621267254003CAF50 /* Keychain.swift in Sources */ = {isa = PBXBuildFile; fileRef = 271DA51420A882EA00EBEE31 /* Keychain.swift */; };
		271D051118D766BD006B5A4E /* PMAddAccountVC.xib in Resources */ = {isa = PBXBuildFile; fileRef = 271D051018D766BD006B5A4E /* PMAddAccountVC.xib */; };
		272C5CD3186DFF3E0079B95E /* PMTagCVCell.m in Sources */ = {isa = PBXBuildFile; fileRef = 272C5CD2186DFF3E0079B95E /* PMTagCVCell.m */; };
		272C5CD5186F626D0079B95E /* PMTagCVCell.xib in Resources */ = {isa = PBXBuildFile; fileRef = 272C5CD4186F626D0079B95E /* PMTagCVCell.xib */; };
		27409CAB18CBDAAE006C97BB /* PMAccountStore.m in Sources */ = {isa = PBXBuildFile; fileRef = 27409CAA18CBDAAE006C97BB /* PMAccountStore.m */; };
		27409CB118CC1048006C97BB /* PMTagStore.m in Sources */ = {isa = PBXBuildFile; fileRef = 27409CB018CC1048006C97BB /* PMTagStore.m */; };
		274FE8D61AF5D28C00497A6C /* PinmarkerLaunchScreen.xib in Resources */ = {isa = PBXBuildFile; fileRef = 274FE8D51AF5D28C00497A6C /* PinmarkerLaunchScreen.xib */; };
		2758F32A1C55BA860070B7BF /* PMPinboardService.h in Headers */ = {isa = PBXBuildFile; fileRef = 27B2041919D363AF009FEAA1 /* PMPinboardService.h */; settings = {ATTRIBUTES = (Public, ); }; };
		277AA7AF1896DC080015A3EF /* PMInputAccessoryView.xib in Resources */ = {isa = PBXBuildFile; fileRef = 277AA7AE1896DC080015A3EF /* PMInputAccessoryView.xib */; };
		277AA7B21896DC200015A3EF /* PMInputAccessoryView.m in Sources */ = {isa = PBXBuildFile; fileRef = 277AA7B11896DC200015A3EF /* PMInputAccessoryView.m */; };
		277CDA0019B7C8A500A04082 /* PMTagsController.m in Sources */ = {isa = PBXBuildFile; fileRef = 277CD9FF19B7C8A500A04082 /* PMTagsController.m */; };
		278C3F5120A6576500615E79 /* PMAccountStoreTests.swift in Sources */ = {isa = PBXBuildFile; fileRef = 278C3F4F20A656D700615E79 /* PMAccountStoreTests.swift */; };
		278EF431185B71E2003A27D3 /* InfoPlist.strings in Resources */ = {isa = PBXBuildFile; fileRef = 278EF42F185B71E2003A27D3 /* InfoPlist.strings */; };
		278EF433185B71E2003A27D3 /* main.m in Sources */ = {isa = PBXBuildFile; fileRef = 278EF432185B71E2003A27D3 /* main.m */; };
		278EF437185B71E2003A27D3 /* PMAppDelegate.m in Sources */ = {isa = PBXBuildFile; fileRef = 278EF436185B71E2003A27D3 /* PMAppDelegate.m */; };
		278EF43A185B71E2003A27D3 /* Pinmarker.storyboard in Resources */ = {isa = PBXBuildFile; fileRef = 278EF438185B71E2003A27D3 /* Pinmarker.storyboard */; };
		278EF442185B71E2003A27D3 /* Images.xcassets in Resources */ = {isa = PBXBuildFile; fileRef = 278EF441185B71E2003A27D3 /* Images.xcassets */; };
		27925F141B1BA389007F4927 /* UIView+Inspectables.swift in Sources */ = {isa = PBXBuildFile; fileRef = 27925F131B1BA389007F4927 /* UIView+Inspectables.swift */; };
		279719D2189960A400D58BC7 /* PMSettingsTVC.m in Sources */ = {isa = PBXBuildFile; fileRef = 279719D1189960A400D58BC7 /* PMSettingsTVC.m */; };
		27D637461C5483BD006D2C58 /* PinmarkerKit.h in Headers */ = {isa = PBXBuildFile; fileRef = 27D637451C5483BD006D2C58 /* PinmarkerKit.h */; settings = {ATTRIBUTES = (Public, ); }; };
		27D6374D1C5483BD006D2C58 /* PinmarkerKit.framework in Frameworks */ = {isa = PBXBuildFile; fileRef = 27D637431C5483BD006D2C58 /* PinmarkerKit.framework */; };
		27D637581C5483BD006D2C58 /* PinmarkerKit.framework in Frameworks */ = {isa = PBXBuildFile; fileRef = 27D637431C5483BD006D2C58 /* PinmarkerKit.framework */; };
		27D637591C5483BD006D2C58 /* PinmarkerKit.framework in Embed Frameworks */ = {isa = PBXBuildFile; fileRef = 27D637431C5483BD006D2C58 /* PinmarkerKit.framework */; settings = {ATTRIBUTES = (CodeSignOnCopy, RemoveHeadersOnCopy, ); }; };
		27D6376B1C55AFDE006D2C58 /* PMPinboardService.m in Sources */ = {isa = PBXBuildFile; fileRef = 27B2041A19D363AF009FEAA1 /* PMPinboardService.m */; };
		27D6376E1C55B009006D2C58 /* Constants.h in Headers */ = {isa = PBXBuildFile; fileRef = 27D6376C1C55B009006D2C58 /* Constants.h */; settings = {ATTRIBUTES = (Public, ); }; };
		27D6376F1C55B009006D2C58 /* Constants.m in Sources */ = {isa = PBXBuildFile; fileRef = 27D6376D1C55B009006D2C58 /* Constants.m */; };
		27D6DE511C55BBDB0069CBFF /* NSURL+Pinmarker.m in Sources */ = {isa = PBXBuildFile; fileRef = 2781196B186A0516006B93AB /* NSURL+Pinmarker.m */; };
		27D6DE521C55BBDD0069CBFF /* NSURL+Pinmarker.h in Headers */ = {isa = PBXBuildFile; fileRef = 2781196A186A0516006B93AB /* NSURL+Pinmarker.h */; settings = {ATTRIBUTES = (Public, ); }; };
		27D6DE571C55C9FF0069CBFF /* PMBookmark.m in Sources */ = {isa = PBXBuildFile; fileRef = 27D2DC3318777A9B0054D187 /* PMBookmark.m */; };
		27D6DE591C55CA040069CBFF /* PMBookmark.h in Headers */ = {isa = PBXBuildFile; fileRef = 27D2DC3218777A9B0054D187 /* PMBookmark.h */; settings = {ATTRIBUTES = (Public, ); }; };
		27D6DE5A1C55CA770069CBFF /* NSString+Pinmarker.m in Sources */ = {isa = PBXBuildFile; fileRef = 271FAF9818AA9F1E0011C41E /* NSString+Pinmarker.m */; };
		27D6DE5B1C55CA7A0069CBFF /* NSString+Pinmarker.h in Headers */ = {isa = PBXBuildFile; fileRef = 271FAF9718AA9F1E0011C41E /* NSString+Pinmarker.h */; settings = {ATTRIBUTES = (Public, ); }; };
		27DA5B501885BB0500AEE0F5 /* PMAddAccountVC.m in Sources */ = {isa = PBXBuildFile; fileRef = 27DA5B4F1885BB0500AEE0F5 /* PMAddAccountVC.m */; };
		27E6A6431C6809AE00D77737 /* PMBookmarkTests.m in Sources */ = {isa = PBXBuildFile; fileRef = 272338B618BCFB6800F80497 /* PMBookmarkTests.m */; };
		27F109622120ABAB003FF385 /* AccountProvider.swift in Sources */ = {isa = PBXBuildFile; fileRef = 27F109612120ABAB003FF385 /* AccountProvider.swift */; };
		27F109652120AEA3003FF385 /* AccountProviderTests.swift in Sources */ = {isa = PBXBuildFile; fileRef = 27F109642120AEA3003FF385 /* AccountProviderTests.swift */; };
		38F3BB757580295E51A720D6 /* Pods_PinmarkerTests.framework in Frameworks */ = {isa = PBXBuildFile; fileRef = 95598D5A4350C5C92DB18D58 /* Pods_PinmarkerTests.framework */; };
		3D4F6DB994AFCA0EF758822D /* Pods_PinmarkerKit.framework in Frameworks */ = {isa = PBXBuildFile; fileRef = CF5F571D47DD31B0978490FE /* Pods_PinmarkerKit.framework */; };
/* End PBXBuildFile section */

/* Begin PBXContainerItemProxy section */
		278EF44C185B71E2003A27D3 /* PBXContainerItemProxy */ = {
			isa = PBXContainerItemProxy;
			containerPortal = 278EF41B185B71E2003A27D3 /* Project object */;
			proxyType = 1;
			remoteGlobalIDString = 278EF422185B71E2003A27D3;
			remoteInfo = Pinmark;
		};
		27D6374E1C5483BD006D2C58 /* PBXContainerItemProxy */ = {
			isa = PBXContainerItemProxy;
			containerPortal = 278EF41B185B71E2003A27D3 /* Project object */;
			proxyType = 1;
			remoteGlobalIDString = 27D637421C5483BD006D2C58;
			remoteInfo = PinmarkerKit;
		};
		27D637501C5483BD006D2C58 /* PBXContainerItemProxy */ = {
			isa = PBXContainerItemProxy;
			containerPortal = 278EF41B185B71E2003A27D3 /* Project object */;
			proxyType = 1;
			remoteGlobalIDString = 278EF422185B71E2003A27D3;
			remoteInfo = Pinmarker;
		};
		27D637561C5483BD006D2C58 /* PBXContainerItemProxy */ = {
			isa = PBXContainerItemProxy;
			containerPortal = 278EF41B185B71E2003A27D3 /* Project object */;
			proxyType = 1;
			remoteGlobalIDString = 27D637421C5483BD006D2C58;
			remoteInfo = PinmarkerKit;
		};
/* End PBXContainerItemProxy section */

/* Begin PBXCopyFilesBuildPhase section */
		27D6375F1C5483BD006D2C58 /* Embed Frameworks */ = {
			isa = PBXCopyFilesBuildPhase;
			buildActionMask = 2147483647;
			dstPath = "";
			dstSubfolderSpec = 10;
			files = (
				27D637591C5483BD006D2C58 /* PinmarkerKit.framework in Embed Frameworks */,
			);
			name = "Embed Frameworks";
			runOnlyForDeploymentPostprocessing = 0;
		};
/* End PBXCopyFilesBuildPhase section */

/* Begin PBXFileReference section */
		16D8966AD9DBF113EC293157 /* Pods-Pinmarker.release.xcconfig */ = {isa = PBXFileReference; includeInIndex = 1; lastKnownFileType = text.xcconfig; name = "Pods-Pinmarker.release.xcconfig"; path = "Pods/Target Support Files/Pods-Pinmarker/Pods-Pinmarker.release.xcconfig"; sourceTree = "<group>"; };
		2703C53F185F7E6500570F0C /* PMNewPinTVC.h */ = {isa = PBXFileReference; fileEncoding = 4; lastKnownFileType = sourcecode.c.h; path = PMNewPinTVC.h; sourceTree = "<group>"; };
		2703C540185F7E6500570F0C /* PMNewPinTVC.m */ = {isa = PBXFileReference; fileEncoding = 4; lastKnownFileType = sourcecode.c.objc; path = PMNewPinTVC.m; sourceTree = "<group>"; };
		2703C542185FD16100570F0C /* Bookmarklet.js */ = {isa = PBXFileReference; fileEncoding = 4; lastKnownFileType = sourcecode.javascript; path = Bookmarklet.js; sourceTree = "<group>"; };
		270BA16419E026C500BE9743 /* PinboardAPI.plist */ = {isa = PBXFileReference; fileEncoding = 4; lastKnownFileType = text.plist.xml; path = PinboardAPI.plist; sourceTree = "<group>"; };
		270C4A4718628CD3000FC061 /* Podfile */ = {isa = PBXFileReference; lastKnownFileType = text; path = Podfile; sourceTree = SOURCE_ROOT; xcLanguageSpecificationIdentifier = xcode.lang.ruby; };
		270C4A4818628D6A000FC061 /* PMNavigationVC.h */ = {isa = PBXFileReference; fileEncoding = 4; lastKnownFileType = sourcecode.c.h; path = PMNavigationVC.h; sourceTree = "<group>"; };
		270C4A4918628D6A000FC061 /* PMNavigationVC.m */ = {isa = PBXFileReference; fileEncoding = 4; lastKnownFileType = sourcecode.c.objc; path = PMNavigationVC.m; sourceTree = "<group>"; };
		270F437618C7BE9200757DCB /* PMBookmarkStore.h */ = {isa = PBXFileReference; fileEncoding = 4; lastKnownFileType = sourcecode.c.h; path = PMBookmarkStore.h; sourceTree = "<group>"; };
		270F437718C7BE9200757DCB /* PMBookmarkStore.m */ = {isa = PBXFileReference; fileEncoding = 4; lastKnownFileType = sourcecode.c.objc; path = PMBookmarkStore.m; sourceTree = "<group>"; };
		27103AB221266F15003CAF50 /* TinyKeychain.framework */ = {isa = PBXFileReference; explicitFileType = wrapper.framework; path = TinyKeychain.framework; sourceTree = BUILT_PRODUCTS_DIR; };
		27103AB421266F37003CAF50 /* TinyKeychain.framework */ = {isa = PBXFileReference; explicitFileType = wrapper.framework; path = TinyKeychain.framework; sourceTree = BUILT_PRODUCTS_DIR; };
		271D051018D766BD006B5A4E /* PMAddAccountVC.xib */ = {isa = PBXFileReference; fileEncoding = 4; lastKnownFileType = file.xib; path = PMAddAccountVC.xib; sourceTree = "<group>"; };
		271DA51420A882EA00EBEE31 /* Keychain.swift */ = {isa = PBXFileReference; lastKnownFileType = sourcecode.swift; path = Keychain.swift; sourceTree = "<group>"; };
		271DA51620A882F400EBEE31 /* KeychainTests.swift */ = {isa = PBXFileReference; lastKnownFileType = sourcecode.swift; path = KeychainTests.swift; sourceTree = "<group>"; };
		271FAF9718AA9F1E0011C41E /* NSString+Pinmarker.h */ = {isa = PBXFileReference; fileEncoding = 4; lastKnownFileType = sourcecode.c.h; path = "NSString+Pinmarker.h"; sourceTree = "<group>"; };
		271FAF9818AA9F1E0011C41E /* NSString+Pinmarker.m */ = {isa = PBXFileReference; fileEncoding = 4; lastKnownFileType = sourcecode.c.objc; path = "NSString+Pinmarker.m"; sourceTree = "<group>"; };
		272338B618BCFB6800F80497 /* PMBookmarkTests.m */ = {isa = PBXFileReference; fileEncoding = 4; lastKnownFileType = sourcecode.c.objc; path = PMBookmarkTests.m; sourceTree = "<group>"; };
		272C5CD1186DFF3E0079B95E /* PMTagCVCell.h */ = {isa = PBXFileReference; fileEncoding = 4; lastKnownFileType = sourcecode.c.h; path = PMTagCVCell.h; sourceTree = "<group>"; };
		272C5CD2186DFF3E0079B95E /* PMTagCVCell.m */ = {isa = PBXFileReference; fileEncoding = 4; lastKnownFileType = sourcecode.c.objc; path = PMTagCVCell.m; sourceTree = "<group>"; };
		272C5CD4186F626D0079B95E /* PMTagCVCell.xib */ = {isa = PBXFileReference; fileEncoding = 4; lastKnownFileType = file.xib; path = PMTagCVCell.xib; sourceTree = "<group>"; };
		27409CA918CBDAAE006C97BB /* PMAccountStore.h */ = {isa = PBXFileReference; fileEncoding = 4; lastKnownFileType = sourcecode.c.h; path = PMAccountStore.h; sourceTree = "<group>"; };
		27409CAA18CBDAAE006C97BB /* PMAccountStore.m */ = {isa = PBXFileReference; fileEncoding = 4; lastKnownFileType = sourcecode.c.objc; path = PMAccountStore.m; sourceTree = "<group>"; };
		27409CAF18CC1048006C97BB /* PMTagStore.h */ = {isa = PBXFileReference; fileEncoding = 4; lastKnownFileType = sourcecode.c.h; path = PMTagStore.h; sourceTree = "<group>"; };
		27409CB018CC1048006C97BB /* PMTagStore.m */ = {isa = PBXFileReference; fileEncoding = 4; lastKnownFileType = sourcecode.c.objc; path = PMTagStore.m; sourceTree = "<group>"; };
		274FE8D51AF5D28C00497A6C /* PinmarkerLaunchScreen.xib */ = {isa = PBXFileReference; fileEncoding = 4; lastKnownFileType = file.xib; path = PinmarkerLaunchScreen.xib; sourceTree = "<group>"; };
		277AA7AE1896DC080015A3EF /* PMInputAccessoryView.xib */ = {isa = PBXFileReference; fileEncoding = 4; lastKnownFileType = file.xib; path = PMInputAccessoryView.xib; sourceTree = "<group>"; };
		277AA7B01896DC200015A3EF /* PMInputAccessoryView.h */ = {isa = PBXFileReference; fileEncoding = 4; lastKnownFileType = sourcecode.c.h; path = PMInputAccessoryView.h; sourceTree = "<group>"; };
		277AA7B11896DC200015A3EF /* PMInputAccessoryView.m */ = {isa = PBXFileReference; fileEncoding = 4; lastKnownFileType = sourcecode.c.objc; path = PMInputAccessoryView.m; sourceTree = "<group>"; };
		277CD9FE19B7C8A500A04082 /* PMTagsController.h */ = {isa = PBXFileReference; fileEncoding = 4; lastKnownFileType = sourcecode.c.h; path = PMTagsController.h; sourceTree = "<group>"; };
		277CD9FF19B7C8A500A04082 /* PMTagsController.m */ = {isa = PBXFileReference; fileEncoding = 4; lastKnownFileType = sourcecode.c.objc; path = PMTagsController.m; sourceTree = "<group>"; };
		2781196A186A0516006B93AB /* NSURL+Pinmarker.h */ = {isa = PBXFileReference; fileEncoding = 4; lastKnownFileType = sourcecode.c.h; path = "NSURL+Pinmarker.h"; sourceTree = "<group>"; };
		2781196B186A0516006B93AB /* NSURL+Pinmarker.m */ = {isa = PBXFileReference; fileEncoding = 4; lastKnownFileType = sourcecode.c.objc; path = "NSURL+Pinmarker.m"; sourceTree = "<group>"; };
		278C3F4F20A656D700615E79 /* PMAccountStoreTests.swift */ = {isa = PBXFileReference; lastKnownFileType = sourcecode.swift; path = PMAccountStoreTests.swift; sourceTree = "<group>"; };
		278EF423185B71E2003A27D3 /* Pinmarker.app */ = {isa = PBXFileReference; explicitFileType = wrapper.application; includeInIndex = 0; path = Pinmarker.app; sourceTree = BUILT_PRODUCTS_DIR; };
		278EF42E185B71E2003A27D3 /* Pinmarker-Info.plist */ = {isa = PBXFileReference; lastKnownFileType = text.plist.xml; path = "Pinmarker-Info.plist"; sourceTree = "<group>"; };
		278EF430185B71E2003A27D3 /* en */ = {isa = PBXFileReference; lastKnownFileType = text.plist.strings; name = en; path = en.lproj/InfoPlist.strings; sourceTree = "<group>"; };
		278EF432185B71E2003A27D3 /* main.m */ = {isa = PBXFileReference; lastKnownFileType = sourcecode.c.objc; path = main.m; sourceTree = "<group>"; };
		278EF434185B71E2003A27D3 /* Pinmarker-Prefix.pch */ = {isa = PBXFileReference; lastKnownFileType = sourcecode.c.h; path = "Pinmarker-Prefix.pch"; sourceTree = "<group>"; };
		278EF435185B71E2003A27D3 /* PMAppDelegate.h */ = {isa = PBXFileReference; lastKnownFileType = sourcecode.c.h; path = PMAppDelegate.h; sourceTree = "<group>"; };
		278EF436185B71E2003A27D3 /* PMAppDelegate.m */ = {isa = PBXFileReference; lastKnownFileType = sourcecode.c.objc; path = PMAppDelegate.m; sourceTree = "<group>"; };
		278EF439185B71E2003A27D3 /* Base */ = {isa = PBXFileReference; lastKnownFileType = file.storyboard; name = Base; path = Base.lproj/Pinmarker.storyboard; sourceTree = "<group>"; };
		278EF441185B71E2003A27D3 /* Images.xcassets */ = {isa = PBXFileReference; lastKnownFileType = folder.assetcatalog; path = Images.xcassets; sourceTree = "<group>"; };
		278EF447185B71E2003A27D3 /* PinmarkerTests.xctest */ = {isa = PBXFileReference; explicitFileType = wrapper.cfbundle; includeInIndex = 0; path = PinmarkerTests.xctest; sourceTree = BUILT_PRODUCTS_DIR; };
		278EF450185B71E2003A27D3 /* PinmarkerTests-Info.plist */ = {isa = PBXFileReference; lastKnownFileType = text.plist.xml; path = "PinmarkerTests-Info.plist"; sourceTree = "<group>"; };
		27925F121B1BA388007F4927 /* Pinmarker-Bridging-Header.h */ = {isa = PBXFileReference; lastKnownFileType = sourcecode.c.h; path = "Pinmarker-Bridging-Header.h"; sourceTree = "<group>"; };
		27925F131B1BA389007F4927 /* UIView+Inspectables.swift */ = {isa = PBXFileReference; fileEncoding = 4; lastKnownFileType = sourcecode.swift; path = "UIView+Inspectables.swift"; sourceTree = "<group>"; };
		279719D0189960A400D58BC7 /* PMSettingsTVC.h */ = {isa = PBXFileReference; fileEncoding = 4; lastKnownFileType = sourcecode.c.h; path = PMSettingsTVC.h; sourceTree = "<group>"; };
		279719D1189960A400D58BC7 /* PMSettingsTVC.m */ = {isa = PBXFileReference; fileEncoding = 4; lastKnownFileType = sourcecode.c.objc; path = PMSettingsTVC.m; sourceTree = "<group>"; };
		27B2041919D363AF009FEAA1 /* PMPinboardService.h */ = {isa = PBXFileReference; fileEncoding = 4; lastKnownFileType = sourcecode.c.h; name = PMPinboardService.h; path = ../PinmarkerKit/PMPinboardService.h; sourceTree = "<group>"; };
		27B2041A19D363AF009FEAA1 /* PMPinboardService.m */ = {isa = PBXFileReference; fileEncoding = 4; lastKnownFileType = sourcecode.c.objc; name = PMPinboardService.m; path = ../PinmarkerKit/PMPinboardService.m; sourceTree = "<group>"; };
		27B2042119D476FD009FEAA1 /* SystemConfiguration.framework */ = {isa = PBXFileReference; lastKnownFileType = wrapper.framework; name = SystemConfiguration.framework; path = System/Library/Frameworks/SystemConfiguration.framework; sourceTree = SDKROOT; };
		27B603C01B2E243B003CCB14 /* PinmarkerTests-Bridging-Header.h */ = {isa = PBXFileReference; lastKnownFileType = sourcecode.c.h; name = "PinmarkerTests-Bridging-Header.h"; path = "../Pinmark/PinmarkerTests-Bridging-Header.h"; sourceTree = "<group>"; };
		27D2DC3218777A9B0054D187 /* PMBookmark.h */ = {isa = PBXFileReference; fileEncoding = 4; lastKnownFileType = sourcecode.c.h; name = PMBookmark.h; path = ../PinmarkerKit/PMBookmark.h; sourceTree = "<group>"; };
		27D2DC3318777A9B0054D187 /* PMBookmark.m */ = {isa = PBXFileReference; fileEncoding = 4; lastKnownFileType = sourcecode.c.objc; name = PMBookmark.m; path = ../PinmarkerKit/PMBookmark.m; sourceTree = "<group>"; };
		27D637431C5483BD006D2C58 /* PinmarkerKit.framework */ = {isa = PBXFileReference; explicitFileType = wrapper.framework; includeInIndex = 0; path = PinmarkerKit.framework; sourceTree = BUILT_PRODUCTS_DIR; };
		27D637451C5483BD006D2C58 /* PinmarkerKit.h */ = {isa = PBXFileReference; lastKnownFileType = sourcecode.c.h; path = PinmarkerKit.h; sourceTree = "<group>"; };
		27D637471C5483BD006D2C58 /* Info.plist */ = {isa = PBXFileReference; lastKnownFileType = text.plist.xml; path = Info.plist; sourceTree = "<group>"; };
		27D6374C1C5483BD006D2C58 /* PinmarkerKitTests.xctest */ = {isa = PBXFileReference; explicitFileType = wrapper.cfbundle; includeInIndex = 0; path = PinmarkerKitTests.xctest; sourceTree = BUILT_PRODUCTS_DIR; };
		27D637551C5483BD006D2C58 /* Info.plist */ = {isa = PBXFileReference; lastKnownFileType = text.plist.xml; path = Info.plist; sourceTree = "<group>"; };
		27D6376C1C55B009006D2C58 /* Constants.h */ = {isa = PBXFileReference; fileEncoding = 4; lastKnownFileType = sourcecode.c.h; path = Constants.h; sourceTree = "<group>"; };
		27D6376D1C55B009006D2C58 /* Constants.m */ = {isa = PBXFileReference; fileEncoding = 4; lastKnownFileType = sourcecode.c.objc; path = Constants.m; sourceTree = "<group>"; };
		27D6DE551C55C3890069CBFF /* PinmarkerKit-Prefix.pch */ = {isa = PBXFileReference; lastKnownFileType = sourcecode.c.h; path = "PinmarkerKit-Prefix.pch"; sourceTree = "<group>"; };
		27DA5B4E1885BB0500AEE0F5 /* PMAddAccountVC.h */ = {isa = PBXFileReference; fileEncoding = 4; lastKnownFileType = sourcecode.c.h; path = PMAddAccountVC.h; sourceTree = "<group>"; };
		27DA5B4F1885BB0500AEE0F5 /* PMAddAccountVC.m */ = {isa = PBXFileReference; fileEncoding = 4; lastKnownFileType = sourcecode.c.objc; path = PMAddAccountVC.m; sourceTree = "<group>"; };
		27F109612120ABAB003FF385 /* AccountProvider.swift */ = {isa = PBXFileReference; lastKnownFileType = sourcecode.swift; path = AccountProvider.swift; sourceTree = "<group>"; };
		27F109632120AEA3003FF385 /* PinmarkerKitTests-Bridging-Header.h */ = {isa = PBXFileReference; lastKnownFileType = sourcecode.c.h; path = "PinmarkerKitTests-Bridging-Header.h"; sourceTree = "<group>"; };
		27F109642120AEA3003FF385 /* AccountProviderTests.swift */ = {isa = PBXFileReference; lastKnownFileType = sourcecode.swift; path = AccountProviderTests.swift; sourceTree = "<group>"; };
		3631A14A50BC35DF31065A67 /* Pods_Pinmarker.framework */ = {isa = PBXFileReference; explicitFileType = wrapper.framework; includeInIndex = 0; path = Pods_Pinmarker.framework; sourceTree = BUILT_PRODUCTS_DIR; };
		3E2DFA3009A9AFE57034C28F /* Pods.framework */ = {isa = PBXFileReference; explicitFileType = wrapper.framework; includeInIndex = 0; path = Pods.framework; sourceTree = BUILT_PRODUCTS_DIR; };
		724290B03ED4F7F877AFC898 /* Pods-PinmarkerKitTests.debug.xcconfig */ = {isa = PBXFileReference; includeInIndex = 1; lastKnownFileType = text.xcconfig; name = "Pods-PinmarkerKitTests.debug.xcconfig"; path = "Pods/Target Support Files/Pods-PinmarkerKitTests/Pods-PinmarkerKitTests.debug.xcconfig"; sourceTree = "<group>"; };
		8549A2B5AF03A0804BFCDFED /* Pods-PinmarkerKit.debug.xcconfig */ = {isa = PBXFileReference; includeInIndex = 1; lastKnownFileType = text.xcconfig; name = "Pods-PinmarkerKit.debug.xcconfig"; path = "Pods/Target Support Files/Pods-PinmarkerKit/Pods-PinmarkerKit.debug.xcconfig"; sourceTree = "<group>"; };
		8C4DC01EF6EB24E6750629F1 /* Pods-PinmarkerTests.debug.xcconfig */ = {isa = PBXFileReference; includeInIndex = 1; lastKnownFileType = text.xcconfig; name = "Pods-PinmarkerTests.debug.xcconfig"; path = "Pods/Target Support Files/Pods-PinmarkerTests/Pods-PinmarkerTests.debug.xcconfig"; sourceTree = "<group>"; };
		905F776CF80F67C268AC558D /* Pods_PinmarkerKitTests.framework */ = {isa = PBXFileReference; explicitFileType = wrapper.framework; includeInIndex = 0; path = Pods_PinmarkerKitTests.framework; sourceTree = BUILT_PRODUCTS_DIR; };
		95598D5A4350C5C92DB18D58 /* Pods_PinmarkerTests.framework */ = {isa = PBXFileReference; explicitFileType = wrapper.framework; includeInIndex = 0; path = Pods_PinmarkerTests.framework; sourceTree = BUILT_PRODUCTS_DIR; };
		B2A13E7D0843829EA3AF30B1 /* Pods-Pinmarker.debug.xcconfig */ = {isa = PBXFileReference; includeInIndex = 1; lastKnownFileType = text.xcconfig; name = "Pods-Pinmarker.debug.xcconfig"; path = "Pods/Target Support Files/Pods-Pinmarker/Pods-Pinmarker.debug.xcconfig"; sourceTree = "<group>"; };
		B688EC94E4F6EC48B637A29D /* Pods-PinmarkerKitTests.release.xcconfig */ = {isa = PBXFileReference; includeInIndex = 1; lastKnownFileType = text.xcconfig; name = "Pods-PinmarkerKitTests.release.xcconfig"; path = "Pods/Target Support Files/Pods-PinmarkerKitTests/Pods-PinmarkerKitTests.release.xcconfig"; sourceTree = "<group>"; };
		CF5F571D47DD31B0978490FE /* Pods_PinmarkerKit.framework */ = {isa = PBXFileReference; explicitFileType = wrapper.framework; includeInIndex = 0; path = Pods_PinmarkerKit.framework; sourceTree = BUILT_PRODUCTS_DIR; };
		D66DCC1FD610FA8E1CEA5B03 /* Pods-PinmarkerTests.release.xcconfig */ = {isa = PBXFileReference; includeInIndex = 1; lastKnownFileType = text.xcconfig; name = "Pods-PinmarkerTests.release.xcconfig"; path = "Pods/Target Support Files/Pods-PinmarkerTests/Pods-PinmarkerTests.release.xcconfig"; sourceTree = "<group>"; };
		DD916CE0F3451158F762FC3B /* Pods-PinmarkerKit.release.xcconfig */ = {isa = PBXFileReference; includeInIndex = 1; lastKnownFileType = text.xcconfig; name = "Pods-PinmarkerKit.release.xcconfig"; path = "Pods/Target Support Files/Pods-PinmarkerKit/Pods-PinmarkerKit.release.xcconfig"; sourceTree = "<group>"; };
/* End PBXFileReference section */

/* Begin PBXFrameworksBuildPhase section */
		278EF420185B71E2003A27D3 /* Frameworks */ = {
			isa = PBXFrameworksBuildPhase;
			buildActionMask = 2147483647;
			files = (
				27D637581C5483BD006D2C58 /* PinmarkerKit.framework in Frameworks */,
				01C0F1695DD96D8893D9D55F /* Pods_Pinmarker.framework in Frameworks */,
			);
			runOnlyForDeploymentPostprocessing = 0;
		};
		278EF444185B71E2003A27D3 /* Frameworks */ = {
			isa = PBXFrameworksBuildPhase;
			buildActionMask = 2147483647;
			files = (
				38F3BB757580295E51A720D6 /* Pods_PinmarkerTests.framework in Frameworks */,
			);
			runOnlyForDeploymentPostprocessing = 0;
		};
		27D6373F1C5483BD006D2C58 /* Frameworks */ = {
			isa = PBXFrameworksBuildPhase;
			buildActionMask = 2147483647;
			files = (
				3D4F6DB994AFCA0EF758822D /* Pods_PinmarkerKit.framework in Frameworks */,
			);
			runOnlyForDeploymentPostprocessing = 0;
		};
		27D637491C5483BD006D2C58 /* Frameworks */ = {
			isa = PBXFrameworksBuildPhase;
			buildActionMask = 2147483647;
			files = (
				27D6374D1C5483BD006D2C58 /* PinmarkerKit.framework in Frameworks */,
				118DC2B25C8020170E761BC1 /* Pods_PinmarkerKitTests.framework in Frameworks */,
			);
			runOnlyForDeploymentPostprocessing = 0;
		};
/* End PBXFrameworksBuildPhase section */

/* Begin PBXGroup section */
		2718DE8019BE1EF300D560F6 /* Controller */ = {
			isa = PBXGroup;
			children = (
				278EF435185B71E2003A27D3 /* PMAppDelegate.h */,
				278EF436185B71E2003A27D3 /* PMAppDelegate.m */,
				270C4A4818628D6A000FC061 /* PMNavigationVC.h */,
				270C4A4918628D6A000FC061 /* PMNavigationVC.m */,
				2703C53F185F7E6500570F0C /* PMNewPinTVC.h */,
				2703C540185F7E6500570F0C /* PMNewPinTVC.m */,
				279719D0189960A400D58BC7 /* PMSettingsTVC.h */,
				279719D1189960A400D58BC7 /* PMSettingsTVC.m */,
				27DA5B4E1885BB0500AEE0F5 /* PMAddAccountVC.h */,
				27DA5B4F1885BB0500AEE0F5 /* PMAddAccountVC.m */,
				277CD9FE19B7C8A500A04082 /* PMTagsController.h */,
				277CD9FF19B7C8A500A04082 /* PMTagsController.m */,
			);
			name = Controller;
			sourceTree = "<group>";
		};
		2718DE8119BE1F1D00D560F6 /* View */ = {
			isa = PBXGroup;
			children = (
				278EF438185B71E2003A27D3 /* Pinmarker.storyboard */,
				271D051018D766BD006B5A4E /* PMAddAccountVC.xib */,
				272C5CD4186F626D0079B95E /* PMTagCVCell.xib */,
				272C5CD1186DFF3E0079B95E /* PMTagCVCell.h */,
				272C5CD2186DFF3E0079B95E /* PMTagCVCell.m */,
				277AA7AE1896DC080015A3EF /* PMInputAccessoryView.xib */,
				277AA7B01896DC200015A3EF /* PMInputAccessoryView.h */,
				277AA7B11896DC200015A3EF /* PMInputAccessoryView.m */,
			);
			name = View;
			sourceTree = "<group>";
		};
		2718DE8219BE1F5300D560F6 /* Model */ = {
			isa = PBXGroup;
			children = (
				27D2DC3218777A9B0054D187 /* PMBookmark.h */,
				27D2DC3318777A9B0054D187 /* PMBookmark.m */,
			);
			name = Model;
			path = ../Pinmark;
			sourceTree = "<group>";
		};
		2718DE8319BE1F7500D560F6 /* Store */ = {
			isa = PBXGroup;
			children = (
				270F437618C7BE9200757DCB /* PMBookmarkStore.h */,
				270F437718C7BE9200757DCB /* PMBookmarkStore.m */,
				27409CA918CBDAAE006C97BB /* PMAccountStore.h */,
				27409CAA18CBDAAE006C97BB /* PMAccountStore.m */,
				27409CAF18CC1048006C97BB /* PMTagStore.h */,
				27409CB018CC1048006C97BB /* PMTagStore.m */,
			);
			name = Store;
			sourceTree = "<group>";
		};
		278EF41A185B71E2003A27D3 = {
			isa = PBXGroup;
			children = (
				278EF42C185B71E2003A27D3 /* Pinmarker */,
				278EF44E185B71E2003A27D3 /* PinmarkerTests */,
				27D637441C5483BD006D2C58 /* PinmarkerKit */,
				27D637521C5483BD006D2C58 /* PinmarkerKitTests */,
				278EF425185B71E2003A27D3 /* Frameworks */,
				278EF424185B71E2003A27D3 /* Products */,
				AF1C7261B68996678F75D1E1 /* Pods */,
			);
			sourceTree = "<group>";
		};
		278EF424185B71E2003A27D3 /* Products */ = {
			isa = PBXGroup;
			children = (
				278EF423185B71E2003A27D3 /* Pinmarker.app */,
				278EF447185B71E2003A27D3 /* PinmarkerTests.xctest */,
				27D637431C5483BD006D2C58 /* PinmarkerKit.framework */,
				27D6374C1C5483BD006D2C58 /* PinmarkerKitTests.xctest */,
			);
			name = Products;
			sourceTree = "<group>";
		};
		278EF425185B71E2003A27D3 /* Frameworks */ = {
			isa = PBXGroup;
			children = (
				27103AB421266F37003CAF50 /* TinyKeychain.framework */,
				27103AB221266F15003CAF50 /* TinyKeychain.framework */,
				27B2042119D476FD009FEAA1 /* SystemConfiguration.framework */,
				3E2DFA3009A9AFE57034C28F /* Pods.framework */,
				3631A14A50BC35DF31065A67 /* Pods_Pinmarker.framework */,
				95598D5A4350C5C92DB18D58 /* Pods_PinmarkerTests.framework */,
				CF5F571D47DD31B0978490FE /* Pods_PinmarkerKit.framework */,
				905F776CF80F67C268AC558D /* Pods_PinmarkerKitTests.framework */,
			);
			name = Frameworks;
			sourceTree = "<group>";
		};
		278EF42C185B71E2003A27D3 /* Pinmarker */ = {
			isa = PBXGroup;
			children = (
				2718DE8019BE1EF300D560F6 /* Controller */,
				2718DE8119BE1F1D00D560F6 /* View */,
				2718DE8319BE1F7500D560F6 /* Store */,
				278EF441185B71E2003A27D3 /* Images.xcassets */,
				278EF42D185B71E2003A27D3 /* Supporting Files */,
			);
			name = Pinmarker;
			path = Pinmark;
			sourceTree = "<group>";
		};
		278EF42D185B71E2003A27D3 /* Supporting Files */ = {
			isa = PBXGroup;
			children = (
				274FE8D51AF5D28C00497A6C /* PinmarkerLaunchScreen.xib */,
				270BA16419E026C500BE9743 /* PinboardAPI.plist */,
				27925F131B1BA389007F4927 /* UIView+Inspectables.swift */,
				278EF42E185B71E2003A27D3 /* Pinmarker-Info.plist */,
				278EF42F185B71E2003A27D3 /* InfoPlist.strings */,
				278EF432185B71E2003A27D3 /* main.m */,
				278EF434185B71E2003A27D3 /* Pinmarker-Prefix.pch */,
				27925F121B1BA388007F4927 /* Pinmarker-Bridging-Header.h */,
				2703C542185FD16100570F0C /* Bookmarklet.js */,
				270C4A4718628CD3000FC061 /* Podfile */,
			);
			name = "Supporting Files";
			sourceTree = "<group>";
		};
		278EF44E185B71E2003A27D3 /* PinmarkerTests */ = {
			isa = PBXGroup;
			children = (
				278C3F4F20A656D700615E79 /* PMAccountStoreTests.swift */,
				27E6A6411C68099200D77737 /* Supporting Files */,
			);
			name = PinmarkerTests;
			path = PinmarkTests;
			sourceTree = "<group>";
		};
		27B2042319D47FFF009FEAA1 /* Network */ = {
			isa = PBXGroup;
			children = (
				27B2041919D363AF009FEAA1 /* PMPinboardService.h */,
				27B2041A19D363AF009FEAA1 /* PMPinboardService.m */,
			);
			name = Network;
			path = ../Pinmark;
			sourceTree = "<group>";
		};
		27D637441C5483BD006D2C58 /* PinmarkerKit */ = {
			isa = PBXGroup;
			children = (
				271DA51420A882EA00EBEE31 /* Keychain.swift */,
				2718DE8219BE1F5300D560F6 /* Model */,
				27B2042319D47FFF009FEAA1 /* Network */,
				27F109602120AB8D003FF385 /* Provider */,
				27D6DE561C55C6110069CBFF /* Supporting Files */,
			);
			path = PinmarkerKit;
			sourceTree = "<group>";
		};
		27D637521C5483BD006D2C58 /* PinmarkerKitTests */ = {
			isa = PBXGroup;
			children = (
				27F109642120AEA3003FF385 /* AccountProviderTests.swift */,
				271DA51620A882F400EBEE31 /* KeychainTests.swift */,
				272338B618BCFB6800F80497 /* PMBookmarkTests.m */,
				27E6A6421C68099F00D77737 /* Supporting Files */,
			);
			path = PinmarkerKitTests;
			sourceTree = "<group>";
		};
		27D6DE561C55C6110069CBFF /* Supporting Files */ = {
			isa = PBXGroup;
			children = (
				27D637451C5483BD006D2C58 /* PinmarkerKit.h */,
				27D6376C1C55B009006D2C58 /* Constants.h */,
				27D6376D1C55B009006D2C58 /* Constants.m */,
				271FAF9718AA9F1E0011C41E /* NSString+Pinmarker.h */,
				271FAF9818AA9F1E0011C41E /* NSString+Pinmarker.m */,
				2781196A186A0516006B93AB /* NSURL+Pinmarker.h */,
				2781196B186A0516006B93AB /* NSURL+Pinmarker.m */,
				27D637471C5483BD006D2C58 /* Info.plist */,
				27D6DE551C55C3890069CBFF /* PinmarkerKit-Prefix.pch */,
			);
			name = "Supporting Files";
			sourceTree = "<group>";
		};
		27E6A6411C68099200D77737 /* Supporting Files */ = {
			isa = PBXGroup;
			children = (
				278EF450185B71E2003A27D3 /* PinmarkerTests-Info.plist */,
				27B603C01B2E243B003CCB14 /* PinmarkerTests-Bridging-Header.h */,
			);
			name = "Supporting Files";
			sourceTree = "<group>";
		};
		27E6A6421C68099F00D77737 /* Supporting Files */ = {
			isa = PBXGroup;
			children = (
				27D637551C5483BD006D2C58 /* Info.plist */,
				27F109632120AEA3003FF385 /* PinmarkerKitTests-Bridging-Header.h */,
			);
			name = "Supporting Files";
			sourceTree = "<group>";
		};
		27F109602120AB8D003FF385 /* Provider */ = {
			isa = PBXGroup;
			children = (
				27F109612120ABAB003FF385 /* AccountProvider.swift */,
			);
			path = Provider;
			sourceTree = "<group>";
		};
		AF1C7261B68996678F75D1E1 /* Pods */ = {
			isa = PBXGroup;
			children = (
				B2A13E7D0843829EA3AF30B1 /* Pods-Pinmarker.debug.xcconfig */,
				16D8966AD9DBF113EC293157 /* Pods-Pinmarker.release.xcconfig */,
				8C4DC01EF6EB24E6750629F1 /* Pods-PinmarkerTests.debug.xcconfig */,
				D66DCC1FD610FA8E1CEA5B03 /* Pods-PinmarkerTests.release.xcconfig */,
				8549A2B5AF03A0804BFCDFED /* Pods-PinmarkerKit.debug.xcconfig */,
				DD916CE0F3451158F762FC3B /* Pods-PinmarkerKit.release.xcconfig */,
				724290B03ED4F7F877AFC898 /* Pods-PinmarkerKitTests.debug.xcconfig */,
				B688EC94E4F6EC48B637A29D /* Pods-PinmarkerKitTests.release.xcconfig */,
			);
			name = Pods;
			sourceTree = "<group>";
		};
/* End PBXGroup section */

/* Begin PBXHeadersBuildPhase section */
		27D637401C5483BD006D2C58 /* Headers */ = {
			isa = PBXHeadersBuildPhase;
			buildActionMask = 2147483647;
			files = (
				27D6DE521C55BBDD0069CBFF /* NSURL+Pinmarker.h in Headers */,
				27D6DE5B1C55CA7A0069CBFF /* NSString+Pinmarker.h in Headers */,
				27D6376E1C55B009006D2C58 /* Constants.h in Headers */,
				2758F32A1C55BA860070B7BF /* PMPinboardService.h in Headers */,
				27D6DE591C55CA040069CBFF /* PMBookmark.h in Headers */,
				27D637461C5483BD006D2C58 /* PinmarkerKit.h in Headers */,
			);
			runOnlyForDeploymentPostprocessing = 0;
		};
/* End PBXHeadersBuildPhase section */

/* Begin PBXNativeTarget section */
		278EF422185B71E2003A27D3 /* Pinmarker */ = {
			isa = PBXNativeTarget;
			buildConfigurationList = 278EF458185B71E2003A27D3 /* Build configuration list for PBXNativeTarget "Pinmarker" */;
			buildPhases = (
				2D8773248245AA4DA92886FF /* [CP] Check Pods Manifest.lock */,
				278EF41F185B71E2003A27D3 /* Sources */,
				278EF420185B71E2003A27D3 /* Frameworks */,
				278EF421185B71E2003A27D3 /* Resources */,
				27019F4618A1E54300CDAE55 /* ShellScript */,
				27D6375F1C5483BD006D2C58 /* Embed Frameworks */,
				EB786DE68C89C6EAD2617A6E /* [CP] Embed Pods Frameworks */,
			);
			buildRules = (
			);
			dependencies = (
				27D637571C5483BD006D2C58 /* PBXTargetDependency */,
			);
			name = Pinmarker;
			productName = Pinmark;
			productReference = 278EF423185B71E2003A27D3 /* Pinmarker.app */;
			productType = "com.apple.product-type.application";
		};
		278EF446185B71E2003A27D3 /* PinmarkerTests */ = {
			isa = PBXNativeTarget;
			buildConfigurationList = 278EF45B185B71E2003A27D3 /* Build configuration list for PBXNativeTarget "PinmarkerTests" */;
			buildPhases = (
				7F71A88DBE68BBF4E3B4E471 /* [CP] Check Pods Manifest.lock */,
				278EF443185B71E2003A27D3 /* Sources */,
				278EF444185B71E2003A27D3 /* Frameworks */,
				278EF445185B71E2003A27D3 /* Resources */,
				CC3926642CB445BCD5A1D65B /* [CP] Embed Pods Frameworks */,
			);
			buildRules = (
			);
			dependencies = (
				278EF44D185B71E2003A27D3 /* PBXTargetDependency */,
			);
			name = PinmarkerTests;
			productName = PinmarkTests;
			productReference = 278EF447185B71E2003A27D3 /* PinmarkerTests.xctest */;
			productType = "com.apple.product-type.bundle.unit-test";
		};
		27D637421C5483BD006D2C58 /* PinmarkerKit */ = {
			isa = PBXNativeTarget;
			buildConfigurationList = 27D6375E1C5483BD006D2C58 /* Build configuration list for PBXNativeTarget "PinmarkerKit" */;
			buildPhases = (
				F1829B602891F3DB08D4EC98 /* [CP] Check Pods Manifest.lock */,
				27D6373E1C5483BD006D2C58 /* Sources */,
				27D6373F1C5483BD006D2C58 /* Frameworks */,
				27D637401C5483BD006D2C58 /* Headers */,
				27D637411C5483BD006D2C58 /* Resources */,
			);
			buildRules = (
			);
			dependencies = (
			);
			name = PinmarkerKit;
			productName = PinmarkerKit;
			productReference = 27D637431C5483BD006D2C58 /* PinmarkerKit.framework */;
			productType = "com.apple.product-type.framework";
		};
		27D6374B1C5483BD006D2C58 /* PinmarkerKitTests */ = {
			isa = PBXNativeTarget;
			buildConfigurationList = 27D637601C5483BD006D2C58 /* Build configuration list for PBXNativeTarget "PinmarkerKitTests" */;
			buildPhases = (
				51EF1E5E4BAB5DAADC514C8C /* [CP] Check Pods Manifest.lock */,
				27D637481C5483BD006D2C58 /* Sources */,
				27D637491C5483BD006D2C58 /* Frameworks */,
				27D6374A1C5483BD006D2C58 /* Resources */,
				97C4147BFF9D6F912768E062 /* [CP] Embed Pods Frameworks */,
			);
			buildRules = (
			);
			dependencies = (
				27D6374F1C5483BD006D2C58 /* PBXTargetDependency */,
				27D637511C5483BD006D2C58 /* PBXTargetDependency */,
			);
			name = PinmarkerKitTests;
			productName = PinmarkerKitTests;
			productReference = 27D6374C1C5483BD006D2C58 /* PinmarkerKitTests.xctest */;
			productType = "com.apple.product-type.bundle.unit-test";
		};
/* End PBXNativeTarget section */

/* Begin PBXProject section */
		278EF41B185B71E2003A27D3 /* Project object */ = {
			isa = PBXProject;
			attributes = {
				CLASSPREFIX = PM;
				LastSwiftUpdateCheck = 0720;
				LastUpgradeCheck = 0930;
				ORGANIZATIONNAME = kilovolt42;
				TargetAttributes = {
					278EF422185B71E2003A27D3 = {
						DevelopmentTeam = 793AL65W3G;
						LastSwiftMigration = 0930;
					};
					278EF446185B71E2003A27D3 = {
						LastSwiftMigration = 0930;
						TestTargetID = 278EF422185B71E2003A27D3;
					};
					27D637421C5483BD006D2C58 = {
						CreatedOnToolsVersion = 7.2;
						DevelopmentTeam = 793AL65W3G;
						LastSwiftMigration = 1000;
					};
					27D6374B1C5483BD006D2C58 = {
						CreatedOnToolsVersion = 7.2;
						LastSwiftMigration = 1000;
						TestTargetID = 278EF422185B71E2003A27D3;
					};
				};
			};
			buildConfigurationList = 278EF41E185B71E2003A27D3 /* Build configuration list for PBXProject "Pinmarker" */;
			compatibilityVersion = "Xcode 3.2";
			developmentRegion = English;
			hasScannedForEncodings = 0;
			knownRegions = (
				en,
				Base,
			);
			mainGroup = 278EF41A185B71E2003A27D3;
			productRefGroup = 278EF424185B71E2003A27D3 /* Products */;
			projectDirPath = "";
			projectRoot = "";
			targets = (
				278EF422185B71E2003A27D3 /* Pinmarker */,
				278EF446185B71E2003A27D3 /* PinmarkerTests */,
				27D637421C5483BD006D2C58 /* PinmarkerKit */,
				27D6374B1C5483BD006D2C58 /* PinmarkerKitTests */,
			);
		};
/* End PBXProject section */

/* Begin PBXResourcesBuildPhase section */
		278EF421185B71E2003A27D3 /* Resources */ = {
			isa = PBXResourcesBuildPhase;
			buildActionMask = 2147483647;
			files = (
				270BA16519E026C500BE9743 /* PinboardAPI.plist in Resources */,
				271D051118D766BD006B5A4E /* PMAddAccountVC.xib in Resources */,
				277AA7AF1896DC080015A3EF /* PMInputAccessoryView.xib in Resources */,
				278EF442185B71E2003A27D3 /* Images.xcassets in Resources */,
				278EF43A185B71E2003A27D3 /* Pinmarker.storyboard in Resources */,
				272C5CD5186F626D0079B95E /* PMTagCVCell.xib in Resources */,
				274FE8D61AF5D28C00497A6C /* PinmarkerLaunchScreen.xib in Resources */,
				278EF431185B71E2003A27D3 /* InfoPlist.strings in Resources */,
			);
			runOnlyForDeploymentPostprocessing = 0;
		};
		278EF445185B71E2003A27D3 /* Resources */ = {
			isa = PBXResourcesBuildPhase;
			buildActionMask = 2147483647;
			files = (
			);
			runOnlyForDeploymentPostprocessing = 0;
		};
		27D637411C5483BD006D2C58 /* Resources */ = {
			isa = PBXResourcesBuildPhase;
			buildActionMask = 2147483647;
			files = (
			);
			runOnlyForDeploymentPostprocessing = 0;
		};
		27D6374A1C5483BD006D2C58 /* Resources */ = {
			isa = PBXResourcesBuildPhase;
			buildActionMask = 2147483647;
			files = (
			);
			runOnlyForDeploymentPostprocessing = 0;
		};
/* End PBXResourcesBuildPhase section */

/* Begin PBXShellScriptBuildPhase section */
		27019F4618A1E54300CDAE55 /* ShellScript */ = {
			isa = PBXShellScriptBuildPhase;
			buildActionMask = 2147483647;
			files = (
			);
			inputPaths = (
			);
			outputPaths = (
			);
			runOnlyForDeploymentPostprocessing = 0;
			shellPath = /bin/sh;
			shellScript = "KEYWORDS=\"TODO:|FIXME:|\\?\\?\\?:|\\!\\!\\!:\"\nfind \"${SRCROOT}\" \\( -name \"*.h\" -or -name \"*.m\" \\) -print0 | xargs -0 egrep --with-filename --line-number --only-matching \"($KEYWORDS).*\\$\" | perl -p -e \"s/($KEYWORDS)/ warning: \\$1/\"\necho \"Total source code lines:\"\nfind \"${SRCROOT}\" \\( -name \"*.h\" -or -name \"*.m\" \\) -print0 | xargs -0 cat | wc -l";
		};
		2D8773248245AA4DA92886FF /* [CP] Check Pods Manifest.lock */ = {
			isa = PBXShellScriptBuildPhase;
			buildActionMask = 2147483647;
			files = (
			);
			inputPaths = (
				"${PODS_PODFILE_DIR_PATH}/Podfile.lock",
				"${PODS_ROOT}/Manifest.lock",
			);
			name = "[CP] Check Pods Manifest.lock";
			outputPaths = (
				"$(DERIVED_FILE_DIR)/Pods-Pinmarker-checkManifestLockResult.txt",
			);
			runOnlyForDeploymentPostprocessing = 0;
			shellPath = /bin/sh;
			shellScript = "diff \"${PODS_PODFILE_DIR_PATH}/Podfile.lock\" \"${PODS_ROOT}/Manifest.lock\" > /dev/null\nif [ $? != 0 ] ; then\n    # print error to STDERR\n    echo \"error: The sandbox is not in sync with the Podfile.lock. Run 'pod install' or update your CocoaPods installation.\" >&2\n    exit 1\nfi\n# This output is used by Xcode 'outputs' to avoid re-running this script phase.\necho \"SUCCESS\" > \"${SCRIPT_OUTPUT_FILE_0}\"\n";
			showEnvVarsInLog = 0;
		};
		51EF1E5E4BAB5DAADC514C8C /* [CP] Check Pods Manifest.lock */ = {
			isa = PBXShellScriptBuildPhase;
			buildActionMask = 2147483647;
			files = (
			);
			inputPaths = (
				"${PODS_PODFILE_DIR_PATH}/Podfile.lock",
				"${PODS_ROOT}/Manifest.lock",
			);
			name = "[CP] Check Pods Manifest.lock";
			outputPaths = (
				"$(DERIVED_FILE_DIR)/Pods-PinmarkerKitTests-checkManifestLockResult.txt",
			);
			runOnlyForDeploymentPostprocessing = 0;
			shellPath = /bin/sh;
			shellScript = "diff \"${PODS_PODFILE_DIR_PATH}/Podfile.lock\" \"${PODS_ROOT}/Manifest.lock\" > /dev/null\nif [ $? != 0 ] ; then\n    # print error to STDERR\n    echo \"error: The sandbox is not in sync with the Podfile.lock. Run 'pod install' or update your CocoaPods installation.\" >&2\n    exit 1\nfi\n# This output is used by Xcode 'outputs' to avoid re-running this script phase.\necho \"SUCCESS\" > \"${SCRIPT_OUTPUT_FILE_0}\"\n";
			showEnvVarsInLog = 0;
		};
		7F71A88DBE68BBF4E3B4E471 /* [CP] Check Pods Manifest.lock */ = {
			isa = PBXShellScriptBuildPhase;
			buildActionMask = 2147483647;
			files = (
			);
			inputPaths = (
				"${PODS_PODFILE_DIR_PATH}/Podfile.lock",
				"${PODS_ROOT}/Manifest.lock",
			);
			name = "[CP] Check Pods Manifest.lock";
			outputPaths = (
				"$(DERIVED_FILE_DIR)/Pods-PinmarkerTests-checkManifestLockResult.txt",
			);
			runOnlyForDeploymentPostprocessing = 0;
			shellPath = /bin/sh;
			shellScript = "diff \"${PODS_PODFILE_DIR_PATH}/Podfile.lock\" \"${PODS_ROOT}/Manifest.lock\" > /dev/null\nif [ $? != 0 ] ; then\n    # print error to STDERR\n    echo \"error: The sandbox is not in sync with the Podfile.lock. Run 'pod install' or update your CocoaPods installation.\" >&2\n    exit 1\nfi\n# This output is used by Xcode 'outputs' to avoid re-running this script phase.\necho \"SUCCESS\" > \"${SCRIPT_OUTPUT_FILE_0}\"\n";
			showEnvVarsInLog = 0;
		};
		97C4147BFF9D6F912768E062 /* [CP] Embed Pods Frameworks */ = {
			isa = PBXShellScriptBuildPhase;
			buildActionMask = 2147483647;
			files = (
			);
			inputPaths = (
				"${SRCROOT}/Pods/Target Support Files/Pods-PinmarkerKitTests/Pods-PinmarkerKitTests-frameworks.sh",
				"${BUILT_PRODUCTS_DIR}/TinyKeychain/TinyKeychain.framework",
			);
			name = "[CP] Embed Pods Frameworks";
			outputPaths = (
				"${TARGET_BUILD_DIR}/${FRAMEWORKS_FOLDER_PATH}/TinyKeychain.framework",
			);
			runOnlyForDeploymentPostprocessing = 0;
			shellPath = /bin/sh;
			shellScript = "\"${SRCROOT}/Pods/Target Support Files/Pods-PinmarkerKitTests/Pods-PinmarkerKitTests-frameworks.sh\"\n";
			showEnvVarsInLog = 0;
		};
		CC3926642CB445BCD5A1D65B /* [CP] Embed Pods Frameworks */ = {
			isa = PBXShellScriptBuildPhase;
			buildActionMask = 2147483647;
			files = (
			);
			inputPaths = (
				"${SRCROOT}/Pods/Target Support Files/Pods-PinmarkerTests/Pods-PinmarkerTests-frameworks.sh",
				"${BUILT_PRODUCTS_DIR}/Lockbox/Lockbox.framework",
				"${BUILT_PRODUCTS_DIR}/RNCryptor-objc/RNCryptor_objc.framework",
				"${BUILT_PRODUCTS_DIR}/TinyKeychain/TinyKeychain.framework",
			);
			name = "[CP] Embed Pods Frameworks";
			outputPaths = (
				"${TARGET_BUILD_DIR}/${FRAMEWORKS_FOLDER_PATH}/Lockbox.framework",
				"${TARGET_BUILD_DIR}/${FRAMEWORKS_FOLDER_PATH}/RNCryptor_objc.framework",
				"${TARGET_BUILD_DIR}/${FRAMEWORKS_FOLDER_PATH}/TinyKeychain.framework",
			);
			runOnlyForDeploymentPostprocessing = 0;
			shellPath = /bin/sh;
			shellScript = "\"${SRCROOT}/Pods/Target Support Files/Pods-PinmarkerTests/Pods-PinmarkerTests-frameworks.sh\"\n";
			showEnvVarsInLog = 0;
		};
		EB786DE68C89C6EAD2617A6E /* [CP] Embed Pods Frameworks */ = {
			isa = PBXShellScriptBuildPhase;
			buildActionMask = 2147483647;
			files = (
			);
			inputPaths = (
				"${SRCROOT}/Pods/Target Support Files/Pods-Pinmarker/Pods-Pinmarker-frameworks.sh",
				"${BUILT_PRODUCTS_DIR}/Lockbox/Lockbox.framework",
				"${BUILT_PRODUCTS_DIR}/RNCryptor-objc/RNCryptor_objc.framework",
				"${BUILT_PRODUCTS_DIR}/TinyKeychain/TinyKeychain.framework",
			);
			name = "[CP] Embed Pods Frameworks";
			outputPaths = (
				"${TARGET_BUILD_DIR}/${FRAMEWORKS_FOLDER_PATH}/Lockbox.framework",
				"${TARGET_BUILD_DIR}/${FRAMEWORKS_FOLDER_PATH}/RNCryptor_objc.framework",
				"${TARGET_BUILD_DIR}/${FRAMEWORKS_FOLDER_PATH}/TinyKeychain.framework",
			);
			runOnlyForDeploymentPostprocessing = 0;
			shellPath = /bin/sh;
			shellScript = "\"${SRCROOT}/Pods/Target Support Files/Pods-Pinmarker/Pods-Pinmarker-frameworks.sh\"\n";
			showEnvVarsInLog = 0;
		};
		F1829B602891F3DB08D4EC98 /* [CP] Check Pods Manifest.lock */ = {
			isa = PBXShellScriptBuildPhase;
			buildActionMask = 2147483647;
			files = (
			);
			inputPaths = (
				"${PODS_PODFILE_DIR_PATH}/Podfile.lock",
				"${PODS_ROOT}/Manifest.lock",
			);
			name = "[CP] Check Pods Manifest.lock";
			outputPaths = (
				"$(DERIVED_FILE_DIR)/Pods-PinmarkerKit-checkManifestLockResult.txt",
			);
			runOnlyForDeploymentPostprocessing = 0;
			shellPath = /bin/sh;
			shellScript = "diff \"${PODS_PODFILE_DIR_PATH}/Podfile.lock\" \"${PODS_ROOT}/Manifest.lock\" > /dev/null\nif [ $? != 0 ] ; then\n    # print error to STDERR\n    echo \"error: The sandbox is not in sync with the Podfile.lock. Run 'pod install' or update your CocoaPods installation.\" >&2\n    exit 1\nfi\n# This output is used by Xcode 'outputs' to avoid re-running this script phase.\necho \"SUCCESS\" > \"${SCRIPT_OUTPUT_FILE_0}\"\n";
			showEnvVarsInLog = 0;
		};
/* End PBXShellScriptBuildPhase section */

/* Begin PBXSourcesBuildPhase section */
		278EF41F185B71E2003A27D3 /* Sources */ = {
			isa = PBXSourcesBuildPhase;
			buildActionMask = 2147483647;
			files = (
				278EF433185B71E2003A27D3 /* main.m in Sources */,
				279719D2189960A400D58BC7 /* PMSettingsTVC.m in Sources */,
				27409CAB18CBDAAE006C97BB /* PMAccountStore.m in Sources */,
				270C4A4A18628D6A000FC061 /* PMNavigationVC.m in Sources */,
				27DA5B501885BB0500AEE0F5 /* PMAddAccountVC.m in Sources */,
				27925F141B1BA389007F4927 /* UIView+Inspectables.swift in Sources */,
				272C5CD3186DFF3E0079B95E /* PMTagCVCell.m in Sources */,
				277AA7B21896DC200015A3EF /* PMInputAccessoryView.m in Sources */,
				278EF437185B71E2003A27D3 /* PMAppDelegate.m in Sources */,
				270F437818C7BE9200757DCB /* PMBookmarkStore.m in Sources */,
				2703C541185F7E6500570F0C /* PMNewPinTVC.m in Sources */,
				27409CB118CC1048006C97BB /* PMTagStore.m in Sources */,
				277CDA0019B7C8A500A04082 /* PMTagsController.m in Sources */,
			);
			runOnlyForDeploymentPostprocessing = 0;
		};
		278EF443185B71E2003A27D3 /* Sources */ = {
			isa = PBXSourcesBuildPhase;
			buildActionMask = 2147483647;
			files = (
				278C3F5120A6576500615E79 /* PMAccountStoreTests.swift in Sources */,
			);
			runOnlyForDeploymentPostprocessing = 0;
		};
		27D6373E1C5483BD006D2C58 /* Sources */ = {
			isa = PBXSourcesBuildPhase;
			buildActionMask = 2147483647;
			files = (
				27D6376B1C55AFDE006D2C58 /* PMPinboardService.m in Sources */,
				27D6DE5A1C55CA770069CBFF /* NSString+Pinmarker.m in Sources */,
				27D6376F1C55B009006D2C58 /* Constants.m in Sources */,
				27D6DE571C55C9FF0069CBFF /* PMBookmark.m in Sources */,
				27F109622120ABAB003FF385 /* AccountProvider.swift in Sources */,
				27D6DE511C55BBDB0069CBFF /* NSURL+Pinmarker.m in Sources */,
				27103AB621267254003CAF50 /* Keychain.swift in Sources */,
			);
			runOnlyForDeploymentPostprocessing = 0;
		};
		27D637481C5483BD006D2C58 /* Sources */ = {
			isa = PBXSourcesBuildPhase;
			buildActionMask = 2147483647;
			files = (
				27F109652120AEA3003FF385 /* AccountProviderTests.swift in Sources */,
				27103AB121266EDE003CAF50 /* KeychainTests.swift in Sources */,
				27E6A6431C6809AE00D77737 /* PMBookmarkTests.m in Sources */,
			);
			runOnlyForDeploymentPostprocessing = 0;
		};
/* End PBXSourcesBuildPhase section */

/* Begin PBXTargetDependency section */
		278EF44D185B71E2003A27D3 /* PBXTargetDependency */ = {
			isa = PBXTargetDependency;
			target = 278EF422185B71E2003A27D3 /* Pinmarker */;
			targetProxy = 278EF44C185B71E2003A27D3 /* PBXContainerItemProxy */;
		};
		27D6374F1C5483BD006D2C58 /* PBXTargetDependency */ = {
			isa = PBXTargetDependency;
			target = 27D637421C5483BD006D2C58 /* PinmarkerKit */;
			targetProxy = 27D6374E1C5483BD006D2C58 /* PBXContainerItemProxy */;
		};
		27D637511C5483BD006D2C58 /* PBXTargetDependency */ = {
			isa = PBXTargetDependency;
			target = 278EF422185B71E2003A27D3 /* Pinmarker */;
			targetProxy = 27D637501C5483BD006D2C58 /* PBXContainerItemProxy */;
		};
		27D637571C5483BD006D2C58 /* PBXTargetDependency */ = {
			isa = PBXTargetDependency;
			target = 27D637421C5483BD006D2C58 /* PinmarkerKit */;
			targetProxy = 27D637561C5483BD006D2C58 /* PBXContainerItemProxy */;
		};
/* End PBXTargetDependency section */

/* Begin PBXVariantGroup section */
		278EF42F185B71E2003A27D3 /* InfoPlist.strings */ = {
			isa = PBXVariantGroup;
			children = (
				278EF430185B71E2003A27D3 /* en */,
			);
			name = InfoPlist.strings;
			sourceTree = "<group>";
		};
		278EF438185B71E2003A27D3 /* Pinmarker.storyboard */ = {
			isa = PBXVariantGroup;
			children = (
				278EF439185B71E2003A27D3 /* Base */,
			);
			name = Pinmarker.storyboard;
			sourceTree = "<group>";
		};
/* End PBXVariantGroup section */

/* Begin XCBuildConfiguration section */
		278EF456185B71E2003A27D3 /* Debug */ = {
			isa = XCBuildConfiguration;
			buildSettings = {
				ALWAYS_SEARCH_USER_PATHS = NO;
				CLANG_CXX_LANGUAGE_STANDARD = "gnu++0x";
				CLANG_CXX_LIBRARY = "libc++";
				CLANG_ENABLE_MODULES = YES;
				CLANG_ENABLE_OBJC_ARC = YES;
				CLANG_WARN_BLOCK_CAPTURE_AUTORELEASING = YES;
				CLANG_WARN_BOOL_CONVERSION = YES;
				CLANG_WARN_COMMA = YES;
				CLANG_WARN_CONSTANT_CONVERSION = YES;
				CLANG_WARN_DEPRECATED_OBJC_IMPLEMENTATIONS = YES;
				CLANG_WARN_DIRECT_OBJC_ISA_USAGE = YES_ERROR;
				CLANG_WARN_EMPTY_BODY = YES;
				CLANG_WARN_ENUM_CONVERSION = YES;
				CLANG_WARN_INFINITE_RECURSION = YES;
				CLANG_WARN_INT_CONVERSION = YES;
				CLANG_WARN_NON_LITERAL_NULL_CONVERSION = YES;
				CLANG_WARN_OBJC_IMPLICIT_RETAIN_SELF = YES;
				CLANG_WARN_OBJC_LITERAL_CONVERSION = YES;
				CLANG_WARN_OBJC_ROOT_CLASS = YES_ERROR;
				CLANG_WARN_RANGE_LOOP_ANALYSIS = YES;
				CLANG_WARN_STRICT_PROTOTYPES = YES;
				CLANG_WARN_SUSPICIOUS_MOVE = YES;
				CLANG_WARN_UNREACHABLE_CODE = YES;
				CLANG_WARN__DUPLICATE_METHOD_MATCH = YES;
				"CODE_SIGN_IDENTITY[sdk=iphoneos*]" = "iPhone Developer";
				COPY_PHASE_STRIP = NO;
				ENABLE_STRICT_OBJC_MSGSEND = YES;
				ENABLE_TESTABILITY = YES;
				GCC_C_LANGUAGE_STANDARD = gnu99;
				GCC_DYNAMIC_NO_PIC = NO;
				GCC_NO_COMMON_BLOCKS = YES;
				GCC_OPTIMIZATION_LEVEL = 0;
				GCC_PREPROCESSOR_DEFINITIONS = (
					"DEBUG=1",
					"$(inherited)",
				);
				GCC_SYMBOLS_PRIVATE_EXTERN = NO;
				GCC_WARN_64_TO_32_BIT_CONVERSION = YES;
				GCC_WARN_ABOUT_RETURN_TYPE = YES_ERROR;
				GCC_WARN_UNDECLARED_SELECTOR = YES;
				GCC_WARN_UNINITIALIZED_AUTOS = YES;
				GCC_WARN_UNUSED_FUNCTION = YES;
				GCC_WARN_UNUSED_VARIABLE = YES;
				IPHONEOS_DEPLOYMENT_TARGET = 11.0;
				ONLY_ACTIVE_ARCH = YES;
				SDKROOT = iphoneos;
				TARGETED_DEVICE_FAMILY = "1,2";
			};
			name = Debug;
		};
		278EF457185B71E2003A27D3 /* Release */ = {
			isa = XCBuildConfiguration;
			buildSettings = {
				ALWAYS_SEARCH_USER_PATHS = NO;
				CLANG_CXX_LANGUAGE_STANDARD = "gnu++0x";
				CLANG_CXX_LIBRARY = "libc++";
				CLANG_ENABLE_MODULES = YES;
				CLANG_ENABLE_OBJC_ARC = YES;
				CLANG_WARN_BLOCK_CAPTURE_AUTORELEASING = YES;
				CLANG_WARN_BOOL_CONVERSION = YES;
				CLANG_WARN_COMMA = YES;
				CLANG_WARN_CONSTANT_CONVERSION = YES;
				CLANG_WARN_DEPRECATED_OBJC_IMPLEMENTATIONS = YES;
				CLANG_WARN_DIRECT_OBJC_ISA_USAGE = YES_ERROR;
				CLANG_WARN_EMPTY_BODY = YES;
				CLANG_WARN_ENUM_CONVERSION = YES;
				CLANG_WARN_INFINITE_RECURSION = YES;
				CLANG_WARN_INT_CONVERSION = YES;
				CLANG_WARN_NON_LITERAL_NULL_CONVERSION = YES;
				CLANG_WARN_OBJC_IMPLICIT_RETAIN_SELF = YES;
				CLANG_WARN_OBJC_LITERAL_CONVERSION = YES;
				CLANG_WARN_OBJC_ROOT_CLASS = YES_ERROR;
				CLANG_WARN_RANGE_LOOP_ANALYSIS = YES;
				CLANG_WARN_STRICT_PROTOTYPES = YES;
				CLANG_WARN_SUSPICIOUS_MOVE = YES;
				CLANG_WARN_UNREACHABLE_CODE = YES;
				CLANG_WARN__DUPLICATE_METHOD_MATCH = YES;
				"CODE_SIGN_IDENTITY[sdk=iphoneos*]" = "iPhone Developer";
				COPY_PHASE_STRIP = YES;
				ENABLE_NS_ASSERTIONS = NO;
				ENABLE_STRICT_OBJC_MSGSEND = YES;
				GCC_C_LANGUAGE_STANDARD = gnu99;
				GCC_NO_COMMON_BLOCKS = YES;
				GCC_WARN_64_TO_32_BIT_CONVERSION = YES;
				GCC_WARN_ABOUT_RETURN_TYPE = YES_ERROR;
				GCC_WARN_UNDECLARED_SELECTOR = YES;
				GCC_WARN_UNINITIALIZED_AUTOS = YES;
				GCC_WARN_UNUSED_FUNCTION = YES;
				GCC_WARN_UNUSED_VARIABLE = YES;
				IPHONEOS_DEPLOYMENT_TARGET = 11.0;
				ONLY_ACTIVE_ARCH = NO;
				SDKROOT = iphoneos;
				SWIFT_OPTIMIZATION_LEVEL = "-Owholemodule";
				TARGETED_DEVICE_FAMILY = "1,2";
				VALIDATE_PRODUCT = YES;
			};
			name = Release;
		};
		278EF459185B71E2003A27D3 /* Debug */ = {
			isa = XCBuildConfiguration;
			baseConfigurationReference = B2A13E7D0843829EA3AF30B1 /* Pods-Pinmarker.debug.xcconfig */;
			buildSettings = {
				ASSETCATALOG_COMPILER_APPICON_NAME = AppIcon;
				CLANG_ENABLE_MODULES = YES;
				CODE_SIGN_IDENTITY = "iPhone Developer";
				"CODE_SIGN_IDENTITY[sdk=iphoneos*]" = "iPhone Developer";
				CURRENT_PROJECT_VERSION = 6;
				FRAMEWORK_SEARCH_PATHS = (
					"$(inherited)",
					"$(PROJECT_DIR)",
				);
				GCC_PRECOMPILE_PREFIX_HEADER = YES;
				GCC_PREFIX_HEADER = "Pinmark/Pinmarker-Prefix.pch";
				HEADER_SEARCH_PATHS = "$(inherited)";
				INFOPLIST_FILE = "Pinmark/Pinmarker-Info.plist";
				IPHONEOS_DEPLOYMENT_TARGET = 12.0;
				LD_RUNPATH_SEARCH_PATHS = "$(inherited) @executable_path/Frameworks";
				LIBRARY_SEARCH_PATHS = "$(inherited)";
				ONLY_ACTIVE_ARCH = NO;
				OTHER_LDFLAGS = "$(inherited)";
				PRODUCT_BUNDLE_IDENTIFIER = "com.kilovolt42.${PRODUCT_NAME:rfc1034identifier}";
				PRODUCT_NAME = Pinmarker;
				PROVISIONING_PROFILE = "";
				SWIFT_OBJC_BRIDGING_HEADER = "Pinmark/Pinmarker-Bridging-Header.h";
				SWIFT_OPTIMIZATION_LEVEL = "-Onone";
				SWIFT_SWIFT3_OBJC_INFERENCE = Default;
				SWIFT_VERSION = 4.2;
				TARGETED_DEVICE_FAMILY = 1;
				VERSIONING_SYSTEM = "apple-generic";
				WRAPPER_EXTENSION = app;
			};
			name = Debug;
		};
		278EF45A185B71E2003A27D3 /* Release */ = {
			isa = XCBuildConfiguration;
			baseConfigurationReference = 16D8966AD9DBF113EC293157 /* Pods-Pinmarker.release.xcconfig */;
			buildSettings = {
				ASSETCATALOG_COMPILER_APPICON_NAME = AppIcon;
				CLANG_ENABLE_MODULES = YES;
				CODE_SIGN_IDENTITY = "iPhone Developer";
				"CODE_SIGN_IDENTITY[sdk=iphoneos*]" = "iPhone Developer";
				CURRENT_PROJECT_VERSION = 6;
				FRAMEWORK_SEARCH_PATHS = (
					"$(inherited)",
					"$(PROJECT_DIR)",
				);
				GCC_PRECOMPILE_PREFIX_HEADER = YES;
				GCC_PREFIX_HEADER = "Pinmark/Pinmarker-Prefix.pch";
				HEADER_SEARCH_PATHS = "$(inherited)";
				INFOPLIST_FILE = "Pinmark/Pinmarker-Info.plist";
				IPHONEOS_DEPLOYMENT_TARGET = 12.0;
				LD_RUNPATH_SEARCH_PATHS = "$(inherited) @executable_path/Frameworks";
				LIBRARY_SEARCH_PATHS = "$(inherited)";
				OTHER_LDFLAGS = "$(inherited)";
				PRODUCT_BUNDLE_IDENTIFIER = "com.kilovolt42.${PRODUCT_NAME:rfc1034identifier}";
				PRODUCT_NAME = Pinmarker;
				PROVISIONING_PROFILE = "";
				SWIFT_OBJC_BRIDGING_HEADER = "Pinmark/Pinmarker-Bridging-Header.h";
				SWIFT_SWIFT3_OBJC_INFERENCE = Default;
				SWIFT_VERSION = 4.2;
				TARGETED_DEVICE_FAMILY = 1;
				VERSIONING_SYSTEM = "apple-generic";
				WRAPPER_EXTENSION = app;
			};
			name = Release;
		};
		278EF45C185B71E2003A27D3 /* Debug */ = {
			isa = XCBuildConfiguration;
			baseConfigurationReference = 8C4DC01EF6EB24E6750629F1 /* Pods-PinmarkerTests.debug.xcconfig */;
			buildSettings = {
				BUNDLE_LOADER = "$(BUILT_PRODUCTS_DIR)/Pinmarker.app/Pinmarker";
				CLANG_ENABLE_MODULES = YES;
				FRAMEWORK_SEARCH_PATHS = "$(inherited)";
				GCC_PRECOMPILE_PREFIX_HEADER = YES;
				GCC_PREFIX_HEADER = "Pinmark/Pinmarker-Prefix.pch";
				GCC_PREPROCESSOR_DEFINITIONS = (
					"DEBUG=1",
					"$(inherited)",
				);
				INFOPLIST_FILE = "PinmarkTests/PinmarkerTests-Info.plist";
				IPHONEOS_DEPLOYMENT_TARGET = 12.0;
				LD_RUNPATH_SEARCH_PATHS = "$(inherited) @executable_path/Frameworks @loader_path/Frameworks";
				LIBRARY_SEARCH_PATHS = (
					"$(inherited)",
					"$(PROJECT_DIR)",
				);
				ONLY_ACTIVE_ARCH = NO;
				OTHER_LDFLAGS = (
					"$(inherited)",
					"-framework",
					XCTest,
				);
				PRODUCT_BUNDLE_IDENTIFIER = "com.kilovolt42.${PRODUCT_NAME:rfc1034identifier}";
				PRODUCT_NAME = PinmarkerTests;
				SWIFT_OBJC_BRIDGING_HEADER = "Pinmark/PinmarkerTests-Bridging-Header.h";
				SWIFT_OPTIMIZATION_LEVEL = "-Onone";
				SWIFT_SWIFT3_OBJC_INFERENCE = Default;
				SWIFT_VERSION = 4.2;
				TEST_HOST = "$(BUNDLE_LOADER)";
				WRAPPER_EXTENSION = xctest;
			};
			name = Debug;
		};
		278EF45D185B71E2003A27D3 /* Release */ = {
			isa = XCBuildConfiguration;
			baseConfigurationReference = D66DCC1FD610FA8E1CEA5B03 /* Pods-PinmarkerTests.release.xcconfig */;
			buildSettings = {
				BUNDLE_LOADER = "$(BUILT_PRODUCTS_DIR)/Pinmarker.app/Pinmarker";
				CLANG_ENABLE_MODULES = YES;
				FRAMEWORK_SEARCH_PATHS = "$(inherited)";
				GCC_PRECOMPILE_PREFIX_HEADER = YES;
				GCC_PREFIX_HEADER = "Pinmark/Pinmarker-Prefix.pch";
				INFOPLIST_FILE = "PinmarkTests/PinmarkerTests-Info.plist";
				IPHONEOS_DEPLOYMENT_TARGET = 12.0;
				LD_RUNPATH_SEARCH_PATHS = "$(inherited) @executable_path/Frameworks @loader_path/Frameworks";
				LIBRARY_SEARCH_PATHS = (
					"$(inherited)",
					"$(PROJECT_DIR)",
				);
				OTHER_LDFLAGS = (
					"$(inherited)",
					"-framework",
					XCTest,
				);
				PRODUCT_BUNDLE_IDENTIFIER = "com.kilovolt42.${PRODUCT_NAME:rfc1034identifier}";
				PRODUCT_NAME = PinmarkerTests;
				SWIFT_OBJC_BRIDGING_HEADER = "Pinmark/PinmarkerTests-Bridging-Header.h";
				SWIFT_SWIFT3_OBJC_INFERENCE = Default;
				SWIFT_VERSION = 4.2;
				TEST_HOST = "$(BUNDLE_LOADER)";
				WRAPPER_EXTENSION = xctest;
			};
			name = Release;
		};
		27D6375A1C5483BD006D2C58 /* Debug */ = {
			isa = XCBuildConfiguration;
			baseConfigurationReference = 8549A2B5AF03A0804BFCDFED /* Pods-PinmarkerKit.debug.xcconfig */;
			buildSettings = {
				APPLICATION_EXTENSION_API_ONLY = YES;
				CLANG_ENABLE_MODULES = YES;
				CLANG_WARN_UNREACHABLE_CODE = YES;
				CODE_SIGN_IDENTITY = "iPhone Developer";
				"CODE_SIGN_IDENTITY[sdk=iphoneos*]" = "";
				CURRENT_PROJECT_VERSION = 1;
				DEBUG_INFORMATION_FORMAT = dwarf;
				DEFINES_MODULE = YES;
				DYLIB_COMPATIBILITY_VERSION = 1;
				DYLIB_CURRENT_VERSION = 1;
				DYLIB_INSTALL_NAME_BASE = "@rpath";
				ENABLE_STRICT_OBJC_MSGSEND = YES;
				GCC_NO_COMMON_BLOCKS = YES;
				GCC_PRECOMPILE_PREFIX_HEADER = YES;
				GCC_PREFIX_HEADER = "PinmarkerKit/PinmarkerKit-Prefix.pch";
				GCC_WARN_UNINITIALIZED_AUTOS = YES_AGGRESSIVE;
				INFOPLIST_FILE = PinmarkerKit/Info.plist;
				INSTALL_PATH = "$(LOCAL_LIBRARY_DIR)/Frameworks";
				IPHONEOS_DEPLOYMENT_TARGET = 12.0;
				LD_RUNPATH_SEARCH_PATHS = "$(inherited) @executable_path/Frameworks @loader_path/Frameworks";
				MTL_ENABLE_DEBUG_INFO = YES;
				ONLY_ACTIVE_ARCH = NO;
				PRODUCT_BUNDLE_IDENTIFIER = com.kilovolt42.PinmarkerKit;
				PRODUCT_NAME = "$(TARGET_NAME)";
				SKIP_INSTALL = YES;
				SWIFT_OPTIMIZATION_LEVEL = "-Onone";
				SWIFT_SWIFT3_OBJC_INFERENCE = Default;
				SWIFT_VERSION = 4.2;
				VERSIONING_SYSTEM = "apple-generic";
				VERSION_INFO_PREFIX = "";
			};
			name = Debug;
		};
		27D6375B1C5483BD006D2C58 /* Release */ = {
			isa = XCBuildConfiguration;
			baseConfigurationReference = DD916CE0F3451158F762FC3B /* Pods-PinmarkerKit.release.xcconfig */;
			buildSettings = {
				APPLICATION_EXTENSION_API_ONLY = YES;
				CLANG_ENABLE_MODULES = YES;
				CLANG_WARN_UNREACHABLE_CODE = YES;
				CODE_SIGN_IDENTITY = "iPhone Developer";
				"CODE_SIGN_IDENTITY[sdk=iphoneos*]" = "";
				COPY_PHASE_STRIP = NO;
				CURRENT_PROJECT_VERSION = 1;
				DEBUG_INFORMATION_FORMAT = "dwarf-with-dsym";
				DEFINES_MODULE = YES;
				DYLIB_COMPATIBILITY_VERSION = 1;
				DYLIB_CURRENT_VERSION = 1;
				DYLIB_INSTALL_NAME_BASE = "@rpath";
				ENABLE_STRICT_OBJC_MSGSEND = YES;
				GCC_NO_COMMON_BLOCKS = YES;
				GCC_PRECOMPILE_PREFIX_HEADER = YES;
				GCC_PREFIX_HEADER = "PinmarkerKit/PinmarkerKit-Prefix.pch";
				GCC_WARN_UNINITIALIZED_AUTOS = YES_AGGRESSIVE;
				INFOPLIST_FILE = PinmarkerKit/Info.plist;
				INSTALL_PATH = "$(LOCAL_LIBRARY_DIR)/Frameworks";
				IPHONEOS_DEPLOYMENT_TARGET = 12.0;
				LD_RUNPATH_SEARCH_PATHS = "$(inherited) @executable_path/Frameworks @loader_path/Frameworks";
				MTL_ENABLE_DEBUG_INFO = NO;
				ONLY_ACTIVE_ARCH = NO;
				PRODUCT_BUNDLE_IDENTIFIER = com.kilovolt42.PinmarkerKit;
				PRODUCT_NAME = "$(TARGET_NAME)";
				SKIP_INSTALL = YES;
				SWIFT_SWIFT3_OBJC_INFERENCE = Default;
				SWIFT_VERSION = 4.2;
				VERSIONING_SYSTEM = "apple-generic";
				VERSION_INFO_PREFIX = "";
			};
			name = Release;
		};
		27D6375C1C5483BD006D2C58 /* Debug */ = {
			isa = XCBuildConfiguration;
			baseConfigurationReference = 724290B03ED4F7F877AFC898 /* Pods-PinmarkerKitTests.debug.xcconfig */;
			buildSettings = {
				CLANG_ENABLE_MODULES = YES;
				CLANG_WARN_UNREACHABLE_CODE = YES;
				DEBUG_INFORMATION_FORMAT = dwarf;
				ENABLE_STRICT_OBJC_MSGSEND = YES;
				GCC_NO_COMMON_BLOCKS = YES;
				GCC_WARN_UNINITIALIZED_AUTOS = YES_AGGRESSIVE;
				INFOPLIST_FILE = PinmarkerKitTests/Info.plist;
				IPHONEOS_DEPLOYMENT_TARGET = 12.0;
				LD_RUNPATH_SEARCH_PATHS = "$(inherited) @executable_path/Frameworks @loader_path/Frameworks";
				MTL_ENABLE_DEBUG_INFO = YES;
				PRODUCT_BUNDLE_IDENTIFIER = com.kilovolt42.PinmarkerKitTests;
				PRODUCT_NAME = "$(TARGET_NAME)";
				SWIFT_OBJC_BRIDGING_HEADER = "PinmarkerKitTests/PinmarkerKitTests-Bridging-Header.h";
				SWIFT_OPTIMIZATION_LEVEL = "-Onone";
				SWIFT_SWIFT3_OBJC_INFERENCE = Default;
				SWIFT_VERSION = 4.2;
				TEST_HOST = "$(BUILT_PRODUCTS_DIR)/Pinmarker.app/Pinmarker";
			};
			name = Debug;
		};
		27D6375D1C5483BD006D2C58 /* Release */ = {
			isa = XCBuildConfiguration;
			baseConfigurationReference = B688EC94E4F6EC48B637A29D /* Pods-PinmarkerKitTests.release.xcconfig */;
			buildSettings = {
				CLANG_ENABLE_MODULES = YES;
				CLANG_WARN_UNREACHABLE_CODE = YES;
				COPY_PHASE_STRIP = NO;
				DEBUG_INFORMATION_FORMAT = "dwarf-with-dsym";
				ENABLE_STRICT_OBJC_MSGSEND = YES;
				GCC_NO_COMMON_BLOCKS = YES;
				GCC_WARN_UNINITIALIZED_AUTOS = YES_AGGRESSIVE;
				INFOPLIST_FILE = PinmarkerKitTests/Info.plist;
				IPHONEOS_DEPLOYMENT_TARGET = 12.0;
				LD_RUNPATH_SEARCH_PATHS = "$(inherited) @executable_path/Frameworks @loader_path/Frameworks";
				MTL_ENABLE_DEBUG_INFO = NO;
				PRODUCT_BUNDLE_IDENTIFIER = com.kilovolt42.PinmarkerKitTests;
				PRODUCT_NAME = "$(TARGET_NAME)";
				SWIFT_OBJC_BRIDGING_HEADER = "PinmarkerKitTests/PinmarkerKitTests-Bridging-Header.h";
				SWIFT_SWIFT3_OBJC_INFERENCE = Default;
				SWIFT_VERSION = 4.2;
				TEST_HOST = "$(BUILT_PRODUCTS_DIR)/Pinmarker.app/Pinmarker";
			};
			name = Release;
		};
/* End XCBuildConfiguration section */

/* Begin XCConfigurationList section */
		278EF41E185B71E2003A27D3 /* Build configuration list for PBXProject "Pinmarker" */ = {
			isa = XCConfigurationList;
			buildConfigurations = (
				278EF456185B71E2003A27D3 /* Debug */,
				278EF457185B71E2003A27D3 /* Release */,
			);
			defaultConfigurationIsVisible = 0;
			defaultConfigurationName = Release;
		};
		278EF458185B71E2003A27D3 /* Build configuration list for PBXNativeTarget "Pinmarker" */ = {
			isa = XCConfigurationList;
			buildConfigurations = (
				278EF459185B71E2003A27D3 /* Debug */,
				278EF45A185B71E2003A27D3 /* Release */,
			);
			defaultConfigurationIsVisible = 0;
			defaultConfigurationName = Release;
		};
		278EF45B185B71E2003A27D3 /* Build configuration list for PBXNativeTarget "PinmarkerTests" */ = {
			isa = XCConfigurationList;
			buildConfigurations = (
				278EF45C185B71E2003A27D3 /* Debug */,
				278EF45D185B71E2003A27D3 /* Release */,
			);
			defaultConfigurationIsVisible = 0;
			defaultConfigurationName = Release;
		};
		27D6375E1C5483BD006D2C58 /* Build configuration list for PBXNativeTarget "PinmarkerKit" */ = {
			isa = XCConfigurationList;
			buildConfigurations = (
				27D6375A1C5483BD006D2C58 /* Debug */,
				27D6375B1C5483BD006D2C58 /* Release */,
			);
			defaultConfigurationIsVisible = 0;
			defaultConfigurationName = Release;
		};
		27D637601C5483BD006D2C58 /* Build configuration list for PBXNativeTarget "PinmarkerKitTests" */ = {
			isa = XCConfigurationList;
			buildConfigurations = (
				27D6375C1C5483BD006D2C58 /* Debug */,
				27D6375D1C5483BD006D2C58 /* Release */,
			);
			defaultConfigurationIsVisible = 0;
			defaultConfigurationName = Release;
		};
/* End XCConfigurationList section */
	};
	rootObject = 278EF41B185B71E2003A27D3 /* Project object */;
}
